// !$*UTF8*$!
{
	archiveVersion = 1;
	classes = {
	};
	objectVersion = 56;
	objects = {

/* Begin PBXBuildFile section */
		1301BC742DB066D70065864D /* ClothesFilter.swift in Sources */ = {isa = PBXBuildFile; fileRef = 1301BC732DB066D70065864D /* ClothesFilter.swift */; };
		1301BC762DB0960C0065864D /* HTMLParsingResult.swift in Sources */ = {isa = PBXBuildFile; fileRef = 1301BC752DB0960C0065864D /* HTMLParsingResult.swift */; };
		1301BC7A2DB145BC0065864D /* ClothesDetailViewModel.swift in Sources */ = {isa = PBXBuildFile; fileRef = 1301BC792DB145BC0065864D /* ClothesDetailViewModel.swift */; };
		1301BC7C2DB1A0DE0065864D /* ClothesRegisterViewModel.swift in Sources */ = {isa = PBXBuildFile; fileRef = 1301BC7B2DB1A0DE0065864D /* ClothesRegisterViewModel.swift */; };
		1301BC812DB1A6130065864D /* ClothesDetail.swift in Sources */ = {isa = PBXBuildFile; fileRef = 1301BC802DB1A6130065864D /* ClothesDetail.swift */; };
		1302FE5A2C86EA180076D015 /* Pretendard-Regular.otf in Resources */ = {isa = PBXBuildFile; fileRef = 1302FE582C86EA180076D015 /* Pretendard-Regular.otf */; };
		1302FE5B2C86EA180076D015 /* Pretendard-Medium.otf in Resources */ = {isa = PBXBuildFile; fileRef = 1302FE592C86EA180076D015 /* Pretendard-Medium.otf */; };
		1302FE5D2C86EA6B0076D015 /* NegguFont.swift in Sources */ = {isa = PBXBuildFile; fileRef = 1302FE5C2C86EA6B0076D015 /* NegguFont.swift */; };
		1302FE5F2C8709C50076D015 /* SignUpView.swift in Sources */ = {isa = PBXBuildFile; fileRef = 1302FE5E2C8709C50076D015 /* SignUpView.swift */; };
		1308D2682C61F08E003F50F3 /* KakaoSDK in Frameworks */ = {isa = PBXBuildFile; productRef = 1308D2672C61F08E003F50F3 /* KakaoSDK */; };
		1308D26A2C61F08E003F50F3 /* KakaoSDKAuth in Frameworks */ = {isa = PBXBuildFile; productRef = 1308D2692C61F08E003F50F3 /* KakaoSDKAuth */; };
		1308D26C2C61F08E003F50F3 /* KakaoSDKUser in Frameworks */ = {isa = PBXBuildFile; productRef = 1308D26B2C61F08E003F50F3 /* KakaoSDKUser */; };
		1308D26E2C6274C9003F50F3 /* LoginView.swift in Sources */ = {isa = PBXBuildFile; fileRef = 1308D26D2C6274C9003F50F3 /* LoginView.swift */; };
		1308D2732C62790C003F50F3 /* AuthCoordinator.swift in Sources */ = {isa = PBXBuildFile; fileRef = 1308D2722C62790C003F50F3 /* AuthCoordinator.swift */; };
		1308D2752C62801F003F50F3 /* Coordinator.swift in Sources */ = {isa = PBXBuildFile; fileRef = 1308D2742C62801F003F50F3 /* Coordinator.swift */; };
		130970692D40C1420050D091 /* UIImage+Extension.swift in Sources */ = {isa = PBXBuildFile; fileRef = 130970682D40C1420050D091 /* UIImage+Extension.swift */; };
		1309706B2D40C1830050D091 /* UIColor+Extension.swift in Sources */ = {isa = PBXBuildFile; fileRef = 1309706A2D40C1830050D091 /* UIColor+Extension.swift */; };
		1309706E2D40C4A20050D091 /* SettingView.swift in Sources */ = {isa = PBXBuildFile; fileRef = 1309706D2D40C4A20050D091 /* SettingView.swift */; };
		130970702D41248D0050D091 /* UserAPI.swift in Sources */ = {isa = PBXBuildFile; fileRef = 1309706F2D41248D0050D091 /* UserAPI.swift */; };
		130970722D4126290050D091 /* UserService.swift in Sources */ = {isa = PBXBuildFile; fileRef = 130970712D4126290050D091 /* UserService.swift */; };
		1317A4672CE3688D007264C7 /* OnboardingView.swift in Sources */ = {isa = PBXBuildFile; fileRef = 1317A4662CE3688D007264C7 /* OnboardingView.swift */; };
		1317A4692CE4E758007264C7 /* BannerCarousel.swift in Sources */ = {isa = PBXBuildFile; fileRef = 1317A4682CE4E758007264C7 /* BannerCarousel.swift */; };
		1318DE552D3F600D0077972D /* PickerField.swift in Sources */ = {isa = PBXBuildFile; fileRef = 1318DE542D3F600D0077972D /* PickerField.swift */; };
		1318DE572D3F79410077972D /* String+Extension.swift in Sources */ = {isa = PBXBuildFile; fileRef = 1318DE562D3F79410077972D /* String+Extension.swift */; };
		132247122C5E924F004557EF /* FirebaseAnalytics in Frameworks */ = {isa = PBXBuildFile; productRef = 132247112C5E924F004557EF /* FirebaseAnalytics */; };
		132247142C5E924F004557EF /* FirebaseAuth in Frameworks */ = {isa = PBXBuildFile; productRef = 132247132C5E924F004557EF /* FirebaseAuth */; };
		132247162C5E924F004557EF /* FirebaseCrashlytics in Frameworks */ = {isa = PBXBuildFile; productRef = 132247152C5E924F004557EF /* FirebaseCrashlytics */; };
		132247182C5E924F004557EF /* FirebaseMessaging in Frameworks */ = {isa = PBXBuildFile; productRef = 132247172C5E924F004557EF /* FirebaseMessaging */; };
		1322471B2C5E931A004557EF /* GoogleSignIn in Frameworks */ = {isa = PBXBuildFile; productRef = 1322471A2C5E931A004557EF /* GoogleSignIn */; };
		1334DBF92CAA73AA00928C4C /* CustomScrollView.swift in Sources */ = {isa = PBXBuildFile; fileRef = 1334DBF82CAA73AA00928C4C /* CustomScrollView.swift */; };
		1337B70B2CDD009C0052BFF2 /* ClothesDetailView.swift in Sources */ = {isa = PBXBuildFile; fileRef = 1337B70A2CDD009C0052BFF2 /* ClothesDetailView.swift */; };
		133889282C898B3E0023CED5 /* ImageAnalyzeManager.swift in Sources */ = {isa = PBXBuildFile; fileRef = 133889272C898B3E0023CED5 /* ImageAnalyzeManager.swift */; };
		1338892A2C899BF90023CED5 /* BottomNavigationBar.swift in Sources */ = {isa = PBXBuildFile; fileRef = 133889292C899BF90023CED5 /* BottomNavigationBar.swift */; };
		1338892D2C89E7A70023CED5 /* ClosetView.swift in Sources */ = {isa = PBXBuildFile; fileRef = 1338892C2C89E7A70023CED5 /* ClosetView.swift */; };
		133A43542DAAD2060090E409 /* GradientView.swift in Sources */ = {isa = PBXBuildFile; fileRef = 133A43532DAAD2060090E409 /* GradientView.swift */; };
		133CCC962DB2CC8A008386A8 /* UserProfileHeader.swift in Sources */ = {isa = PBXBuildFile; fileRef = 133CCC952DB2CC8A008386A8 /* UserProfileHeader.swift */; };
		133CCC982DB2CCBC008386A8 /* UserLookBookStateView.swift in Sources */ = {isa = PBXBuildFile; fileRef = 133CCC972DB2CCBB008386A8 /* UserLookBookStateView.swift */; };
		133CCC9A2DB2CDB7008386A8 /* StyleAnalyzeButton.swift in Sources */ = {isa = PBXBuildFile; fileRef = 133CCC992DB2CDB7008386A8 /* StyleAnalyzeButton.swift */; };
		133CCC9C2DB2CFAF008386A8 /* UINavigationController+Extension.swift in Sources */ = {isa = PBXBuildFile; fileRef = 133CCC9B2DB2CFAF008386A8 /* UINavigationController+Extension.swift */; };
		133CCC9E2DB2DE9F008386A8 /* View+Extension.swift in Sources */ = {isa = PBXBuildFile; fileRef = 133CCC9D2DB2DE9F008386A8 /* View+Extension.swift */; };
		133D798E2D3A19DF00B0D0E3 /* MoodSheet.swift in Sources */ = {isa = PBXBuildFile; fileRef = 133D798D2D3A19DF00B0D0E3 /* MoodSheet.swift */; };
		133D79902D3A31AA00B0D0E3 /* BrandSheet.swift in Sources */ = {isa = PBXBuildFile; fileRef = 133D798F2D3A31AA00B0D0E3 /* BrandSheet.swift */; };
		134342462D7CCDD800D3F1A3 /* NegguInviteAlert.swift in Sources */ = {isa = PBXBuildFile; fileRef = 134342452D7CCDD800D3F1A3 /* NegguInviteAlert.swift */; };
		134342482D7CE4FF00D3F1A3 /* UserProfileEntity.swift in Sources */ = {isa = PBXBuildFile; fileRef = 134342472D7CE4FF00D3F1A3 /* UserProfileEntity.swift */; };
		1346786E2C97316C009A6F92 /* Pretendard-Bold.otf in Resources */ = {isa = PBXBuildFile; fileRef = 1346786D2C97316C009A6F92 /* Pretendard-Bold.otf */; };
		1346D4642DAC7B9F00638C0E /* SkeletonView.swift in Sources */ = {isa = PBXBuildFile; fileRef = 1346D4632DAC7B9F00638C0E /* SkeletonView.swift */; };
		1347E7672DA519A30008E127 /* InsightView.swift in Sources */ = {isa = PBXBuildFile; fileRef = 1347E7662DA519A30008E127 /* InsightView.swift */; };
		1347E7692DA53D9C0008E127 /* InsightAPI.swift in Sources */ = {isa = PBXBuildFile; fileRef = 1347E7682DA53D9C0008E127 /* InsightAPI.swift */; };
		1347E76B2DA53F910008E127 /* InsightService.swift in Sources */ = {isa = PBXBuildFile; fileRef = 1347E76A2DA53F910008E127 /* InsightService.swift */; };
		1347E76D2DA540260008E127 /* InsightEntity.swift in Sources */ = {isa = PBXBuildFile; fileRef = 1347E76C2DA540260008E127 /* InsightEntity.swift */; };
		134AD9A12D363F4D00B18C1B /* LinkBanner.swift in Sources */ = {isa = PBXBuildFile; fileRef = 134AD9A02D363F4D00B18C1B /* LinkBanner.swift */; };
		134AD9A32D368C9400B18C1B /* NegguCTAButton.swift in Sources */ = {isa = PBXBuildFile; fileRef = 134AD9A22D368C9400B18C1B /* NegguCTAButton.swift */; };
		1350810C2D38BC95005E2491 /* ClosetAPI.swift in Sources */ = {isa = PBXBuildFile; fileRef = 1350810B2D38BC95005E2491 /* ClosetAPI.swift */; };
		1350810E2D38C760005E2491 /* ClosetService.swift in Sources */ = {isa = PBXBuildFile; fileRef = 1350810D2D38C760005E2491 /* ClosetService.swift */; };
		135081122D38CC84005E2491 /* PriceRange.swift in Sources */ = {isa = PBXBuildFile; fileRef = 135081112D38CC84005E2491 /* PriceRange.swift */; };
		135081142D38CC94005E2491 /* Gender.swift in Sources */ = {isa = PBXBuildFile; fileRef = 135081132D38CC94005E2491 /* Gender.swift */; };
		135081162D38CCA1005E2491 /* Mood.swift in Sources */ = {isa = PBXBuildFile; fileRef = 135081152D38CCA1005E2491 /* Mood.swift */; };
		135081182D38CCB2005E2491 /* Category.swift in Sources */ = {isa = PBXBuildFile; fileRef = 135081172D38CCB2005E2491 /* Category.swift */; };
		1350811A2D38CCBF005E2491 /* SubCategory.swift in Sources */ = {isa = PBXBuildFile; fileRef = 135081192D38CCBF005E2491 /* SubCategory.swift */; };
		1350811C2D38D5A4005E2491 /* BrandEntity.swift in Sources */ = {isa = PBXBuildFile; fileRef = 1350811B2D38D5A4005E2491 /* BrandEntity.swift */; };
		1352E0042D5F50AD00354234 /* LookBookAPI.swift in Sources */ = {isa = PBXBuildFile; fileRef = 1352E0032D5F50AD00354234 /* LookBookAPI.swift */; };
		1352E0062D5F68D100354234 /* LookBookService.swift in Sources */ = {isa = PBXBuildFile; fileRef = 1352E0052D5F68D100354234 /* LookBookService.swift */; };
		1354444F2DA1897B00112F96 /* LookBookViewModel.swift in Sources */ = {isa = PBXBuildFile; fileRef = 1354444E2DA1897B00112F96 /* LookBookViewModel.swift */; };
		13595F292DA9587700AFF836 /* DeepLinkManager.swift in Sources */ = {isa = PBXBuildFile; fileRef = 13595F282DA9587700AFF836 /* DeepLinkManager.swift */; };
		135A27942DA40A410048AA15 /* NegguInviteEntity.swift in Sources */ = {isa = PBXBuildFile; fileRef = 135A27932DA40A410048AA15 /* NegguInviteEntity.swift */; };
		13624D412DA6CA5900732B01 /* InsightViewModel.swift in Sources */ = {isa = PBXBuildFile; fileRef = 13624D402DA6CA5900732B01 /* InsightViewModel.swift */; };
		136470CE2C8A34FC00A0D545 /* ClothesEntity.swift in Sources */ = {isa = PBXBuildFile; fileRef = 136470CD2C8A34FC00A0D545 /* ClothesEntity.swift */; };
		136470D12C8A360600A0D545 /* SwiftSoup in Frameworks */ = {isa = PBXBuildFile; productRef = 136470D02C8A360600A0D545 /* SwiftSoup */; };
		1364C86D2C60FF0500F67E3C /* ErrorResponse.swift in Sources */ = {isa = PBXBuildFile; fileRef = 1364C86C2C60FF0500F67E3C /* ErrorResponse.swift */; };
		1364C86F2C6102F500F67E3C /* AuthAPI.swift in Sources */ = {isa = PBXBuildFile; fileRef = 1364C86E2C6102F500F67E3C /* AuthAPI.swift */; };
		1364C8712C6102FD00F67E3C /* AuthService.swift in Sources */ = {isa = PBXBuildFile; fileRef = 1364C8702C6102FD00F67E3C /* AuthService.swift */; };
		1364C8732C61031E00F67E3C /* TokenEntity.swift in Sources */ = {isa = PBXBuildFile; fileRef = 1364C8722C61031E00F67E3C /* TokenEntity.swift */; };
		1364C8762C61281200F67E3C /* UserDefaultsKey.swift in Sources */ = {isa = PBXBuildFile; fileRef = 1364C8752C61281200F67E3C /* UserDefaultsKey.swift */; };
		1364C8782C61370700F67E3C /* CheckNicknameEntity.swift in Sources */ = {isa = PBXBuildFile; fileRef = 1364C8772C61370700F67E3C /* CheckNicknameEntity.swift */; };
		13659CD52C5F60C400BB6B91 /* CombineMoya in Frameworks */ = {isa = PBXBuildFile; productRef = 13659CD42C5F60C400BB6B91 /* CombineMoya */; };
		13659CD72C5F60C400BB6B91 /* Moya in Frameworks */ = {isa = PBXBuildFile; productRef = 13659CD62C5F60C400BB6B91 /* Moya */; };
		13659CD92C5F612200BB6B91 /* BaseAPI.swift in Sources */ = {isa = PBXBuildFile; fileRef = 13659CD82C5F612200BB6B91 /* BaseAPI.swift */; };
		13659CDB2C5F613500BB6B91 /* BaseService.swift in Sources */ = {isa = PBXBuildFile; fileRef = 13659CDA2C5F613500BB6B91 /* BaseService.swift */; };
		13659CE02C5F8F1E00BB6B91 /* APIError.swift in Sources */ = {isa = PBXBuildFile; fileRef = 13659CDF2C5F8F1D00BB6B91 /* APIError.swift */; };
		13659CE52C5FA19500BB6B91 /* NegguInterceptor.swift in Sources */ = {isa = PBXBuildFile; fileRef = 13659CE42C5FA19500BB6B91 /* NegguInterceptor.swift */; };
		13659CE72C5FA8C100BB6B91 /* NegguEnv.swift in Sources */ = {isa = PBXBuildFile; fileRef = 13659CE62C5FA8C100BB6B91 /* NegguEnv.swift */; };
		13659CEB2C5FBFA100BB6B91 /* Util.swift in Sources */ = {isa = PBXBuildFile; fileRef = 13659CEA2C5FBFA100BB6B91 /* Util.swift */; };
		13659CED2C5FE0EE00BB6B91 /* APIEventLogger.swift in Sources */ = {isa = PBXBuildFile; fileRef = 13659CEC2C5FE0EE00BB6B91 /* APIEventLogger.swift */; };
		1368D4922DA833A800DFE166 /* AppsFlyerLib-Static in Frameworks */ = {isa = PBXBuildFile; productRef = 1368D4912DA833A800DFE166 /* AppsFlyerLib-Static */; };
		136C78802CEB0584009DEA76 /* BorderedChip.swift in Sources */ = {isa = PBXBuildFile; fileRef = 136C787F2CEB0584009DEA76 /* BorderedChip.swift */; };
		136C79D62CEC8FF9009DEA76 /* ClothesNameEditView.swift in Sources */ = {isa = PBXBuildFile; fileRef = 136C79D52CEC8FF9009DEA76 /* ClothesNameEditView.swift */; };
		136C79D82CEC9780009DEA76 /* NegguAlert.swift in Sources */ = {isa = PBXBuildFile; fileRef = 136C79D72CEC9780009DEA76 /* NegguAlert.swift */; };
		136C79DA2CEC99D6009DEA76 /* LookBookDateSheet.swift in Sources */ = {isa = PBXBuildFile; fileRef = 136C79D92CEC99D6009DEA76 /* LookBookDateSheet.swift */; };
		13830E2B2C6FA4C200CA385F /* KakaoSDKCommon in Frameworks */ = {isa = PBXBuildFile; productRef = 13830E2A2C6FA4C200CA385F /* KakaoSDKCommon */; };
		1384FE872CD8FA3E00162AAF /* NegguColor.swift in Sources */ = {isa = PBXBuildFile; fileRef = 1384FE862CD8FA3E00162AAF /* NegguColor.swift */; };
		1386EAD12C5D3F9C0085655D /* negguApp.swift in Sources */ = {isa = PBXBuildFile; fileRef = 1386EAD02C5D3F9C0085655D /* negguApp.swift */; };
		1386EAD32C5D3F9C0085655D /* ContentView.swift in Sources */ = {isa = PBXBuildFile; fileRef = 1386EAD22C5D3F9C0085655D /* ContentView.swift */; };
		1386EAD52C5D3F9C0085655D /* Assets.xcassets in Resources */ = {isa = PBXBuildFile; fileRef = 1386EAD42C5D3F9C0085655D /* Assets.xcassets */; };
		1386EAE22C5D3F9D0085655D /* negguTests.swift in Sources */ = {isa = PBXBuildFile; fileRef = 1386EAE12C5D3F9D0085655D /* negguTests.swift */; };
		1386EAEC2C5D3F9D0085655D /* negguUITests.swift in Sources */ = {isa = PBXBuildFile; fileRef = 1386EAEB2C5D3F9D0085655D /* negguUITests.swift */; };
		1386EAEE2C5D3F9D0085655D /* negguUITestsLaunchTests.swift in Sources */ = {isa = PBXBuildFile; fileRef = 1386EAED2C5D3F9D0085655D /* negguUITestsLaunchTests.swift */; };
		1386EB002C5D40350085655D /* LaunchScreen.storyboard in Resources */ = {isa = PBXBuildFile; fileRef = 1386EAFF2C5D40350085655D /* LaunchScreen.storyboard */; };
		1386EB022C5D416D0085655D /* Colors.xcassets in Resources */ = {isa = PBXBuildFile; fileRef = 1386EB012C5D416D0085655D /* Colors.xcassets */; };
		1386EB082C5D419B0085655D /* Localizable.xcstrings in Resources */ = {isa = PBXBuildFile; fileRef = 1386EB072C5D419B0085655D /* Localizable.xcstrings */; };
		13897EC02DAB9AB600CBD97F /* CachedAsyncImage.swift in Sources */ = {isa = PBXBuildFile; fileRef = 13897EBF2DAB9AB600CBD97F /* CachedAsyncImage.swift */; };
		1390E0E12D687D1000848920 /* ImagePicker.swift in Sources */ = {isa = PBXBuildFile; fileRef = 1390E0E02D687D1000848920 /* ImagePicker.swift */; };
		139728FE2D7356EC0021B356 /* LookBookDeleteSheet.swift in Sources */ = {isa = PBXBuildFile; fileRef = 139728FD2D7356EC0021B356 /* LookBookDeleteSheet.swift */; };
		13A4D6CA2CAAC13E003F2E7C /* ClothesRegisterView.swift in Sources */ = {isa = PBXBuildFile; fileRef = 13A4D6C92CAAC13E003F2E7C /* ClothesRegisterView.swift */; };
		13AEFD452D30E8E40041C10A /* DateSelectButton.swift in Sources */ = {isa = PBXBuildFile; fileRef = 13AEFD442D30E8E30041C10A /* DateSelectButton.swift */; };
		13AEFD472D30EC2C0041C10A /* LookBookCell.swift in Sources */ = {isa = PBXBuildFile; fileRef = 13AEFD462D30EC2C0041C10A /* LookBookCell.swift */; };
		13AEFD4A2D30F1FD0041C10A /* ColorFilter.swift in Sources */ = {isa = PBXBuildFile; fileRef = 13AEFD492D30F1FD0041C10A /* ColorFilter.swift */; };
		13B3757A2D34E37D001D009E /* Date+Extension.swift in Sources */ = {isa = PBXBuildFile; fileRef = 13B375792D34E37D001D009E /* Date+Extension.swift */; };
		13B3757F2D34E795001D009E /* CGSize+Extension.swift in Sources */ = {isa = PBXBuildFile; fileRef = 13B3757E2D34E795001D009E /* CGSize+Extension.swift */; };
		13B6637A2DB22D0300B373B0 /* NameEditView.swift in Sources */ = {isa = PBXBuildFile; fileRef = 13B663792DB22D0300B373B0 /* NameEditView.swift */; };
		13BA78A02D376A5400ADB1C1 /* FilterButton.swift in Sources */ = {isa = PBXBuildFile; fileRef = 13BA789F2D376A5400ADB1C1 /* FilterButton.swift */; };
		13BA78A22D376B0800ADB1C1 /* CategorySheet.swift in Sources */ = {isa = PBXBuildFile; fileRef = 13BA78A12D376B0800ADB1C1 /* CategorySheet.swift */; };
		13BA78A42D378B0000ADB1C1 /* ColorSheet.swift in Sources */ = {isa = PBXBuildFile; fileRef = 13BA78A32D378B0000ADB1C1 /* ColorSheet.swift */; };
		13BE365B2D2797200033DE7B /* ErrorEntity.swift in Sources */ = {isa = PBXBuildFile; fileRef = 13BE365A2D2797200033DE7B /* ErrorEntity.swift */; };
		13BE365D2D27975D0033DE7B /* HealthAPI.swift in Sources */ = {isa = PBXBuildFile; fileRef = 13BE365C2D27975D0033DE7B /* HealthAPI.swift */; };
		13BE365F2D2845BB0033DE7B /* SignUpGenderView.swift in Sources */ = {isa = PBXBuildFile; fileRef = 13BE365E2D2845BB0033DE7B /* SignUpGenderView.swift */; };
		13BE36612D2845CF0033DE7B /* SignUpMoodView.swift in Sources */ = {isa = PBXBuildFile; fileRef = 13BE36602D2845CF0033DE7B /* SignUpMoodView.swift */; };
		13BE36632D2845F20033DE7B /* SignUpNicknameView.swift in Sources */ = {isa = PBXBuildFile; fileRef = 13BE36622D2845F20033DE7B /* SignUpNicknameView.swift */; };
		13CDE7532D3AC61E00D9E316 /* SignUpAgeView.swift in Sources */ = {isa = PBXBuildFile; fileRef = 13CDE7522D3AC61E00D9E316 /* SignUpAgeView.swift */; };
		13D7EEE22D2CE2BB00E1017F /* MainCoordinator.swift in Sources */ = {isa = PBXBuildFile; fileRef = 13D7EEE12D2CE2BB00E1017F /* MainCoordinator.swift */; };
		13DBA7E92CC434DD003A10AE /* LookBookMainView.swift in Sources */ = {isa = PBXBuildFile; fileRef = 13DBA7E82CC434DD003A10AE /* LookBookMainView.swift */; };
		13DC5E732C64AA3900DB5600 /* AuthViewModel.swift in Sources */ = {isa = PBXBuildFile; fileRef = 13DC5E722C64AA3900DB5600 /* AuthViewModel.swift */; };
		13DC5E762C64AB0900DB5600 /* PresentationDependency.swift in Sources */ = {isa = PBXBuildFile; fileRef = 13DC5E742C64AB0900DB5600 /* PresentationDependency.swift */; };
		13DC5E792C64AB1100DB5600 /* DIContainer.swift in Sources */ = {isa = PBXBuildFile; fileRef = 13DC5E772C64AB1100DB5600 /* DIContainer.swift */; };
		13DCABFA2D60EBA10008A0E7 /* LookBookEntity.swift in Sources */ = {isa = PBXBuildFile; fileRef = 13DCABF92D60EBA10008A0E7 /* LookBookEntity.swift */; };
		13EE9CD82C8C3F9200FAEB36 /* LookBookEditView.swift in Sources */ = {isa = PBXBuildFile; fileRef = 13EE9CD72C8C3F9200FAEB36 /* LookBookEditView.swift */; };
		13F6EED42D2B9C1B0053CCA5 /* AppDelegate.swift in Sources */ = {isa = PBXBuildFile; fileRef = 13F6EED32D2B9C1B0053CCA5 /* AppDelegate.swift */; };
		13F8ABD42D19D5A800E08057 /* ExpendableTextView.swift in Sources */ = {isa = PBXBuildFile; fileRef = 13F8ABD32D19D5A800E08057 /* ExpendableTextView.swift */; };
		13F8ABD62D19D91C00E08057 /* BorderedRectangle.swift in Sources */ = {isa = PBXBuildFile; fileRef = 13F8ABD52D19D91C00E08057 /* BorderedRectangle.swift */; };
		13F8ABD82D19DF5600E08057 /* TitleForm.swift in Sources */ = {isa = PBXBuildFile; fileRef = 13F8ABD72D19DF5600E08057 /* TitleForm.swift */; };
		13F951AB2D9C4B7900F69C94 /* NegguSheet.swift in Sources */ = {isa = PBXBuildFile; fileRef = 13F951AA2D9C4B7900F69C94 /* NegguSheet.swift */; };
		13FA3B4A2DAE865000D52EF8 /* ColleageItemView.swift in Sources */ = {isa = PBXBuildFile; fileRef = 13FA3B492DAE865000D52EF8 /* ColleageItemView.swift */; };
		13FD7D552CBB874400D21143 /* LookBookDetailView.swift in Sources */ = {isa = PBXBuildFile; fileRef = 13FD7D542CBB874400D21143 /* LookBookDetailView.swift */; };
		13FE56CE2D53483C00C7D4E9 /* ClosetViewModel.swift in Sources */ = {isa = PBXBuildFile; fileRef = 13FE56CD2D53483C00C7D4E9 /* ClosetViewModel.swift */; };
		13FE61FB2D2AA1DD00578BB5 /* GoogleService-Info.plist in Resources */ = {isa = PBXBuildFile; fileRef = 13FE61FA2D2AA1DD00578BB5 /* GoogleService-Info.plist */; };
		13FE61FD2D2ABDF100578BB5 /* SignUpCompleteView.swift in Sources */ = {isa = PBXBuildFile; fileRef = 13FE61FC2D2ABDF100578BB5 /* SignUpCompleteView.swift */; };
/* End PBXBuildFile section */

/* Begin PBXContainerItemProxy section */
		1386EADE2C5D3F9D0085655D /* PBXContainerItemProxy */ = {
			isa = PBXContainerItemProxy;
			containerPortal = 1386EAC52C5D3F9C0085655D /* Project object */;
			proxyType = 1;
			remoteGlobalIDString = 1386EACC2C5D3F9C0085655D;
			remoteInfo = neggu;
		};
		1386EAE82C5D3F9D0085655D /* PBXContainerItemProxy */ = {
			isa = PBXContainerItemProxy;
			containerPortal = 1386EAC52C5D3F9C0085655D /* Project object */;
			proxyType = 1;
			remoteGlobalIDString = 1386EACC2C5D3F9C0085655D;
			remoteInfo = neggu;
		};
/* End PBXContainerItemProxy section */

/* Begin PBXFileReference section */
		1301BC732DB066D70065864D /* ClothesFilter.swift */ = {isa = PBXFileReference; lastKnownFileType = sourcecode.swift; path = ClothesFilter.swift; sourceTree = "<group>"; };
		1301BC752DB0960C0065864D /* HTMLParsingResult.swift */ = {isa = PBXFileReference; lastKnownFileType = sourcecode.swift; path = HTMLParsingResult.swift; sourceTree = "<group>"; };
		1301BC792DB145BC0065864D /* ClothesDetailViewModel.swift */ = {isa = PBXFileReference; lastKnownFileType = sourcecode.swift; path = ClothesDetailViewModel.swift; sourceTree = "<group>"; };
		1301BC7B2DB1A0DE0065864D /* ClothesRegisterViewModel.swift */ = {isa = PBXFileReference; lastKnownFileType = sourcecode.swift; path = ClothesRegisterViewModel.swift; sourceTree = "<group>"; };
		1301BC802DB1A6130065864D /* ClothesDetail.swift */ = {isa = PBXFileReference; lastKnownFileType = sourcecode.swift; path = ClothesDetail.swift; sourceTree = "<group>"; };
		1302FE582C86EA180076D015 /* Pretendard-Regular.otf */ = {isa = PBXFileReference; lastKnownFileType = file; path = "Pretendard-Regular.otf"; sourceTree = "<group>"; };
		1302FE592C86EA180076D015 /* Pretendard-Medium.otf */ = {isa = PBXFileReference; lastKnownFileType = file; path = "Pretendard-Medium.otf"; sourceTree = "<group>"; };
		1302FE5C2C86EA6B0076D015 /* NegguFont.swift */ = {isa = PBXFileReference; lastKnownFileType = sourcecode.swift; path = NegguFont.swift; sourceTree = "<group>"; };
		1302FE5E2C8709C50076D015 /* SignUpView.swift */ = {isa = PBXFileReference; lastKnownFileType = sourcecode.swift; path = SignUpView.swift; sourceTree = "<group>"; };
		1308D26D2C6274C9003F50F3 /* LoginView.swift */ = {isa = PBXFileReference; lastKnownFileType = sourcecode.swift; path = LoginView.swift; sourceTree = "<group>"; };
		1308D2722C62790C003F50F3 /* AuthCoordinator.swift */ = {isa = PBXFileReference; lastKnownFileType = sourcecode.swift; path = AuthCoordinator.swift; sourceTree = "<group>"; };
		1308D2742C62801F003F50F3 /* Coordinator.swift */ = {isa = PBXFileReference; lastKnownFileType = sourcecode.swift; path = Coordinator.swift; sourceTree = "<group>"; };
		130970682D40C1420050D091 /* UIImage+Extension.swift */ = {isa = PBXFileReference; lastKnownFileType = sourcecode.swift; path = "UIImage+Extension.swift"; sourceTree = "<group>"; };
		1309706A2D40C1830050D091 /* UIColor+Extension.swift */ = {isa = PBXFileReference; lastKnownFileType = sourcecode.swift; path = "UIColor+Extension.swift"; sourceTree = "<group>"; };
		1309706D2D40C4A20050D091 /* SettingView.swift */ = {isa = PBXFileReference; lastKnownFileType = sourcecode.swift; path = SettingView.swift; sourceTree = "<group>"; };
		1309706F2D41248D0050D091 /* UserAPI.swift */ = {isa = PBXFileReference; lastKnownFileType = sourcecode.swift; path = UserAPI.swift; sourceTree = "<group>"; };
		130970712D4126290050D091 /* UserService.swift */ = {isa = PBXFileReference; lastKnownFileType = sourcecode.swift; path = UserService.swift; sourceTree = "<group>"; };
		1317A4662CE3688D007264C7 /* OnboardingView.swift */ = {isa = PBXFileReference; lastKnownFileType = sourcecode.swift; path = OnboardingView.swift; sourceTree = "<group>"; };
		1317A4682CE4E758007264C7 /* BannerCarousel.swift */ = {isa = PBXFileReference; lastKnownFileType = sourcecode.swift; path = BannerCarousel.swift; sourceTree = "<group>"; };
		1318DE542D3F600D0077972D /* PickerField.swift */ = {isa = PBXFileReference; lastKnownFileType = sourcecode.swift; path = PickerField.swift; sourceTree = "<group>"; };
		1318DE562D3F79410077972D /* String+Extension.swift */ = {isa = PBXFileReference; lastKnownFileType = sourcecode.swift; path = "String+Extension.swift"; sourceTree = "<group>"; };
		132247202C5E946A004557EF /* Info.plist */ = {isa = PBXFileReference; lastKnownFileType = text.plist.xml; path = Info.plist; sourceTree = "<group>"; };
		132247232C5E972F004557EF /* NegguKeys.xcconfig */ = {isa = PBXFileReference; lastKnownFileType = text.xcconfig; path = NegguKeys.xcconfig; sourceTree = "<group>"; };
		1334DBF82CAA73AA00928C4C /* CustomScrollView.swift */ = {isa = PBXFileReference; lastKnownFileType = sourcecode.swift; path = CustomScrollView.swift; sourceTree = "<group>"; };
		1337B70A2CDD009C0052BFF2 /* ClothesDetailView.swift */ = {isa = PBXFileReference; lastKnownFileType = sourcecode.swift; path = ClothesDetailView.swift; sourceTree = "<group>"; };
		133889272C898B3E0023CED5 /* ImageAnalyzeManager.swift */ = {isa = PBXFileReference; lastKnownFileType = sourcecode.swift; path = ImageAnalyzeManager.swift; sourceTree = "<group>"; };
		133889292C899BF90023CED5 /* BottomNavigationBar.swift */ = {isa = PBXFileReference; lastKnownFileType = sourcecode.swift; path = BottomNavigationBar.swift; sourceTree = "<group>"; };
		1338892C2C89E7A70023CED5 /* ClosetView.swift */ = {isa = PBXFileReference; lastKnownFileType = sourcecode.swift; path = ClosetView.swift; sourceTree = "<group>"; };
		133927392C7F1D3C009E623B /* neggu.entitlements */ = {isa = PBXFileReference; lastKnownFileType = text.plist.entitlements; path = neggu.entitlements; sourceTree = "<group>"; };
		133A43532DAAD2060090E409 /* GradientView.swift */ = {isa = PBXFileReference; lastKnownFileType = sourcecode.swift; path = GradientView.swift; sourceTree = "<group>"; };
		133CCC952DB2CC8A008386A8 /* UserProfileHeader.swift */ = {isa = PBXFileReference; lastKnownFileType = sourcecode.swift; path = UserProfileHeader.swift; sourceTree = "<group>"; };
		133CCC972DB2CCBB008386A8 /* UserLookBookStateView.swift */ = {isa = PBXFileReference; lastKnownFileType = sourcecode.swift; path = UserLookBookStateView.swift; sourceTree = "<group>"; };
		133CCC992DB2CDB7008386A8 /* StyleAnalyzeButton.swift */ = {isa = PBXFileReference; lastKnownFileType = sourcecode.swift; path = StyleAnalyzeButton.swift; sourceTree = "<group>"; };
		133CCC9B2DB2CFAF008386A8 /* UINavigationController+Extension.swift */ = {isa = PBXFileReference; lastKnownFileType = sourcecode.swift; path = "UINavigationController+Extension.swift"; sourceTree = "<group>"; };
		133CCC9D2DB2DE9F008386A8 /* View+Extension.swift */ = {isa = PBXFileReference; lastKnownFileType = sourcecode.swift; path = "View+Extension.swift"; sourceTree = "<group>"; };
		133D798D2D3A19DF00B0D0E3 /* MoodSheet.swift */ = {isa = PBXFileReference; lastKnownFileType = sourcecode.swift; path = MoodSheet.swift; sourceTree = "<group>"; };
		133D798F2D3A31AA00B0D0E3 /* BrandSheet.swift */ = {isa = PBXFileReference; lastKnownFileType = sourcecode.swift; path = BrandSheet.swift; sourceTree = "<group>"; };
		134342452D7CCDD800D3F1A3 /* NegguInviteAlert.swift */ = {isa = PBXFileReference; lastKnownFileType = sourcecode.swift; path = NegguInviteAlert.swift; sourceTree = "<group>"; };
		134342472D7CE4FF00D3F1A3 /* UserProfileEntity.swift */ = {isa = PBXFileReference; lastKnownFileType = sourcecode.swift; path = UserProfileEntity.swift; sourceTree = "<group>"; };
		1346786D2C97316C009A6F92 /* Pretendard-Bold.otf */ = {isa = PBXFileReference; lastKnownFileType = file; path = "Pretendard-Bold.otf"; sourceTree = "<group>"; };
		1346D4632DAC7B9F00638C0E /* SkeletonView.swift */ = {isa = PBXFileReference; lastKnownFileType = sourcecode.swift; path = SkeletonView.swift; sourceTree = "<group>"; };
		1347E7662DA519A30008E127 /* InsightView.swift */ = {isa = PBXFileReference; lastKnownFileType = sourcecode.swift; path = InsightView.swift; sourceTree = "<group>"; };
		1347E7682DA53D9C0008E127 /* InsightAPI.swift */ = {isa = PBXFileReference; lastKnownFileType = sourcecode.swift; path = InsightAPI.swift; sourceTree = "<group>"; };
		1347E76A2DA53F910008E127 /* InsightService.swift */ = {isa = PBXFileReference; lastKnownFileType = sourcecode.swift; path = InsightService.swift; sourceTree = "<group>"; };
		1347E76C2DA540260008E127 /* InsightEntity.swift */ = {isa = PBXFileReference; lastKnownFileType = sourcecode.swift; path = InsightEntity.swift; sourceTree = "<group>"; };
		134AD9A02D363F4D00B18C1B /* LinkBanner.swift */ = {isa = PBXFileReference; lastKnownFileType = sourcecode.swift; path = LinkBanner.swift; sourceTree = "<group>"; };
		134AD9A22D368C9400B18C1B /* NegguCTAButton.swift */ = {isa = PBXFileReference; lastKnownFileType = sourcecode.swift; path = NegguCTAButton.swift; sourceTree = "<group>"; };
		1350810B2D38BC95005E2491 /* ClosetAPI.swift */ = {isa = PBXFileReference; lastKnownFileType = sourcecode.swift; path = ClosetAPI.swift; sourceTree = "<group>"; };
		1350810D2D38C760005E2491 /* ClosetService.swift */ = {isa = PBXFileReference; lastKnownFileType = sourcecode.swift; path = ClosetService.swift; sourceTree = "<group>"; };
		135081112D38CC84005E2491 /* PriceRange.swift */ = {isa = PBXFileReference; lastKnownFileType = sourcecode.swift; path = PriceRange.swift; sourceTree = "<group>"; };
		135081132D38CC94005E2491 /* Gender.swift */ = {isa = PBXFileReference; lastKnownFileType = sourcecode.swift; path = Gender.swift; sourceTree = "<group>"; };
		135081152D38CCA1005E2491 /* Mood.swift */ = {isa = PBXFileReference; lastKnownFileType = sourcecode.swift; path = Mood.swift; sourceTree = "<group>"; };
		135081172D38CCB2005E2491 /* Category.swift */ = {isa = PBXFileReference; lastKnownFileType = sourcecode.swift; path = Category.swift; sourceTree = "<group>"; };
		135081192D38CCBF005E2491 /* SubCategory.swift */ = {isa = PBXFileReference; lastKnownFileType = sourcecode.swift; path = SubCategory.swift; sourceTree = "<group>"; };
		1350811B2D38D5A4005E2491 /* BrandEntity.swift */ = {isa = PBXFileReference; lastKnownFileType = sourcecode.swift; path = BrandEntity.swift; sourceTree = "<group>"; };
		1352E0032D5F50AD00354234 /* LookBookAPI.swift */ = {isa = PBXFileReference; lastKnownFileType = sourcecode.swift; path = LookBookAPI.swift; sourceTree = "<group>"; };
		1352E0052D5F68D100354234 /* LookBookService.swift */ = {isa = PBXFileReference; lastKnownFileType = sourcecode.swift; path = LookBookService.swift; sourceTree = "<group>"; };
		1354444E2DA1897B00112F96 /* LookBookViewModel.swift */ = {isa = PBXFileReference; lastKnownFileType = sourcecode.swift; path = LookBookViewModel.swift; sourceTree = "<group>"; };
		13595F282DA9587700AFF836 /* DeepLinkManager.swift */ = {isa = PBXFileReference; lastKnownFileType = sourcecode.swift; path = DeepLinkManager.swift; sourceTree = "<group>"; };
		135A27932DA40A410048AA15 /* NegguInviteEntity.swift */ = {isa = PBXFileReference; lastKnownFileType = sourcecode.swift; path = NegguInviteEntity.swift; sourceTree = "<group>"; };
		13607EA62C80E4770073FCE2 /* ci_post_clone.sh */ = {isa = PBXFileReference; lastKnownFileType = text.script.sh; path = ci_post_clone.sh; sourceTree = "<group>"; };
		13624D402DA6CA5900732B01 /* InsightViewModel.swift */ = {isa = PBXFileReference; lastKnownFileType = sourcecode.swift; path = InsightViewModel.swift; sourceTree = "<group>"; };
		136470CD2C8A34FC00A0D545 /* ClothesEntity.swift */ = {isa = PBXFileReference; lastKnownFileType = sourcecode.swift; path = ClothesEntity.swift; sourceTree = "<group>"; };
		1364C86C2C60FF0500F67E3C /* ErrorResponse.swift */ = {isa = PBXFileReference; lastKnownFileType = sourcecode.swift; path = ErrorResponse.swift; sourceTree = "<group>"; };
		1364C86E2C6102F500F67E3C /* AuthAPI.swift */ = {isa = PBXFileReference; fileEncoding = 4; lastKnownFileType = sourcecode.swift; path = AuthAPI.swift; sourceTree = "<group>"; };
		1364C8702C6102FD00F67E3C /* AuthService.swift */ = {isa = PBXFileReference; fileEncoding = 4; lastKnownFileType = sourcecode.swift; path = AuthService.swift; sourceTree = "<group>"; };
		1364C8722C61031E00F67E3C /* TokenEntity.swift */ = {isa = PBXFileReference; fileEncoding = 4; lastKnownFileType = sourcecode.swift; path = TokenEntity.swift; sourceTree = "<group>"; };
		1364C8752C61281200F67E3C /* UserDefaultsKey.swift */ = {isa = PBXFileReference; lastKnownFileType = sourcecode.swift; path = UserDefaultsKey.swift; sourceTree = "<group>"; };
		1364C8772C61370700F67E3C /* CheckNicknameEntity.swift */ = {isa = PBXFileReference; lastKnownFileType = sourcecode.swift; path = CheckNicknameEntity.swift; sourceTree = "<group>"; };
		13659CD82C5F612200BB6B91 /* BaseAPI.swift */ = {isa = PBXFileReference; lastKnownFileType = sourcecode.swift; path = BaseAPI.swift; sourceTree = "<group>"; };
		13659CDA2C5F613500BB6B91 /* BaseService.swift */ = {isa = PBXFileReference; lastKnownFileType = sourcecode.swift; path = BaseService.swift; sourceTree = "<group>"; };
		13659CDF2C5F8F1D00BB6B91 /* APIError.swift */ = {isa = PBXFileReference; lastKnownFileType = sourcecode.swift; path = APIError.swift; sourceTree = "<group>"; };
		13659CE42C5FA19500BB6B91 /* NegguInterceptor.swift */ = {isa = PBXFileReference; lastKnownFileType = sourcecode.swift; path = NegguInterceptor.swift; sourceTree = "<group>"; };
		13659CE62C5FA8C100BB6B91 /* NegguEnv.swift */ = {isa = PBXFileReference; lastKnownFileType = sourcecode.swift; path = NegguEnv.swift; sourceTree = "<group>"; };
		13659CEA2C5FBFA100BB6B91 /* Util.swift */ = {isa = PBXFileReference; lastKnownFileType = sourcecode.swift; path = Util.swift; sourceTree = "<group>"; };
		13659CEC2C5FE0EE00BB6B91 /* APIEventLogger.swift */ = {isa = PBXFileReference; lastKnownFileType = sourcecode.swift; path = APIEventLogger.swift; sourceTree = "<group>"; };
		136C787F2CEB0584009DEA76 /* BorderedChip.swift */ = {isa = PBXFileReference; lastKnownFileType = sourcecode.swift; path = BorderedChip.swift; sourceTree = "<group>"; };
		136C79D52CEC8FF9009DEA76 /* ClothesNameEditView.swift */ = {isa = PBXFileReference; lastKnownFileType = sourcecode.swift; path = ClothesNameEditView.swift; sourceTree = "<group>"; };
		136C79D72CEC9780009DEA76 /* NegguAlert.swift */ = {isa = PBXFileReference; lastKnownFileType = sourcecode.swift; path = NegguAlert.swift; sourceTree = "<group>"; };
		136C79D92CEC99D6009DEA76 /* LookBookDateSheet.swift */ = {isa = PBXFileReference; lastKnownFileType = sourcecode.swift; path = LookBookDateSheet.swift; sourceTree = "<group>"; };
		1384FE862CD8FA3E00162AAF /* NegguColor.swift */ = {isa = PBXFileReference; lastKnownFileType = sourcecode.swift; path = NegguColor.swift; sourceTree = "<group>"; };
		1386EACD2C5D3F9C0085655D /* neggu.app */ = {isa = PBXFileReference; explicitFileType = wrapper.application; includeInIndex = 0; path = neggu.app; sourceTree = BUILT_PRODUCTS_DIR; };
		1386EAD02C5D3F9C0085655D /* negguApp.swift */ = {isa = PBXFileReference; lastKnownFileType = sourcecode.swift; path = negguApp.swift; sourceTree = "<group>"; };
		1386EAD22C5D3F9C0085655D /* ContentView.swift */ = {isa = PBXFileReference; lastKnownFileType = sourcecode.swift; path = ContentView.swift; sourceTree = "<group>"; };
		1386EAD42C5D3F9C0085655D /* Assets.xcassets */ = {isa = PBXFileReference; lastKnownFileType = folder.assetcatalog; path = Assets.xcassets; sourceTree = "<group>"; };
		1386EADD2C5D3F9D0085655D /* negguTests.xctest */ = {isa = PBXFileReference; explicitFileType = wrapper.cfbundle; includeInIndex = 0; path = negguTests.xctest; sourceTree = BUILT_PRODUCTS_DIR; };
		1386EAE12C5D3F9D0085655D /* negguTests.swift */ = {isa = PBXFileReference; lastKnownFileType = sourcecode.swift; path = negguTests.swift; sourceTree = "<group>"; };
		1386EAE72C5D3F9D0085655D /* negguUITests.xctest */ = {isa = PBXFileReference; explicitFileType = wrapper.cfbundle; includeInIndex = 0; path = negguUITests.xctest; sourceTree = BUILT_PRODUCTS_DIR; };
		1386EAEB2C5D3F9D0085655D /* negguUITests.swift */ = {isa = PBXFileReference; lastKnownFileType = sourcecode.swift; path = negguUITests.swift; sourceTree = "<group>"; };
		1386EAED2C5D3F9D0085655D /* negguUITestsLaunchTests.swift */ = {isa = PBXFileReference; lastKnownFileType = sourcecode.swift; path = negguUITestsLaunchTests.swift; sourceTree = "<group>"; };
		1386EAFF2C5D40350085655D /* LaunchScreen.storyboard */ = {isa = PBXFileReference; lastKnownFileType = file.storyboard; path = LaunchScreen.storyboard; sourceTree = "<group>"; };
		1386EB012C5D416D0085655D /* Colors.xcassets */ = {isa = PBXFileReference; lastKnownFileType = folder.assetcatalog; path = Colors.xcassets; sourceTree = "<group>"; };
		1386EB072C5D419B0085655D /* Localizable.xcstrings */ = {isa = PBXFileReference; lastKnownFileType = text.json.xcstrings; path = Localizable.xcstrings; sourceTree = "<group>"; };
		13897EBF2DAB9AB600CBD97F /* CachedAsyncImage.swift */ = {isa = PBXFileReference; lastKnownFileType = sourcecode.swift; path = CachedAsyncImage.swift; sourceTree = "<group>"; };
		1390E0E02D687D1000848920 /* ImagePicker.swift */ = {isa = PBXFileReference; lastKnownFileType = sourcecode.swift; path = ImagePicker.swift; sourceTree = "<group>"; };
		139728FD2D7356EC0021B356 /* LookBookDeleteSheet.swift */ = {isa = PBXFileReference; lastKnownFileType = sourcecode.swift; path = LookBookDeleteSheet.swift; sourceTree = "<group>"; };
		13A4D6C92CAAC13E003F2E7C /* ClothesRegisterView.swift */ = {isa = PBXFileReference; lastKnownFileType = sourcecode.swift; path = ClothesRegisterView.swift; sourceTree = "<group>"; };
		13AEFD442D30E8E30041C10A /* DateSelectButton.swift */ = {isa = PBXFileReference; lastKnownFileType = sourcecode.swift; path = DateSelectButton.swift; sourceTree = "<group>"; };
		13AEFD462D30EC2C0041C10A /* LookBookCell.swift */ = {isa = PBXFileReference; lastKnownFileType = sourcecode.swift; path = LookBookCell.swift; sourceTree = "<group>"; };
		13AEFD492D30F1FD0041C10A /* ColorFilter.swift */ = {isa = PBXFileReference; lastKnownFileType = sourcecode.swift; path = ColorFilter.swift; sourceTree = "<group>"; };
		13B375792D34E37D001D009E /* Date+Extension.swift */ = {isa = PBXFileReference; lastKnownFileType = sourcecode.swift; path = "Date+Extension.swift"; sourceTree = "<group>"; };
		13B3757E2D34E795001D009E /* CGSize+Extension.swift */ = {isa = PBXFileReference; lastKnownFileType = sourcecode.swift; path = "CGSize+Extension.swift"; sourceTree = "<group>"; };
		13B663792DB22D0300B373B0 /* NameEditView.swift */ = {isa = PBXFileReference; lastKnownFileType = sourcecode.swift; path = NameEditView.swift; sourceTree = "<group>"; };
		13BA789F2D376A5400ADB1C1 /* FilterButton.swift */ = {isa = PBXFileReference; lastKnownFileType = sourcecode.swift; path = FilterButton.swift; sourceTree = "<group>"; };
		13BA78A12D376B0800ADB1C1 /* CategorySheet.swift */ = {isa = PBXFileReference; lastKnownFileType = sourcecode.swift; path = CategorySheet.swift; sourceTree = "<group>"; };
		13BA78A32D378B0000ADB1C1 /* ColorSheet.swift */ = {isa = PBXFileReference; lastKnownFileType = sourcecode.swift; path = ColorSheet.swift; sourceTree = "<group>"; };
		13BE365A2D2797200033DE7B /* ErrorEntity.swift */ = {isa = PBXFileReference; lastKnownFileType = sourcecode.swift; path = ErrorEntity.swift; sourceTree = "<group>"; };
		13BE365C2D27975D0033DE7B /* HealthAPI.swift */ = {isa = PBXFileReference; lastKnownFileType = sourcecode.swift; path = HealthAPI.swift; sourceTree = "<group>"; };
		13BE365E2D2845BB0033DE7B /* SignUpGenderView.swift */ = {isa = PBXFileReference; lastKnownFileType = sourcecode.swift; path = SignUpGenderView.swift; sourceTree = "<group>"; };
		13BE36602D2845CF0033DE7B /* SignUpMoodView.swift */ = {isa = PBXFileReference; lastKnownFileType = sourcecode.swift; path = SignUpMoodView.swift; sourceTree = "<group>"; };
		13BE36622D2845F20033DE7B /* SignUpNicknameView.swift */ = {isa = PBXFileReference; lastKnownFileType = sourcecode.swift; path = SignUpNicknameView.swift; sourceTree = "<group>"; };
		13CDE7522D3AC61E00D9E316 /* SignUpAgeView.swift */ = {isa = PBXFileReference; lastKnownFileType = sourcecode.swift; path = SignUpAgeView.swift; sourceTree = "<group>"; };
		13D7EEE12D2CE2BB00E1017F /* MainCoordinator.swift */ = {isa = PBXFileReference; lastKnownFileType = sourcecode.swift; path = MainCoordinator.swift; sourceTree = "<group>"; };
		13DBA7E82CC434DD003A10AE /* LookBookMainView.swift */ = {isa = PBXFileReference; lastKnownFileType = sourcecode.swift; path = LookBookMainView.swift; sourceTree = "<group>"; };
		13DC5E722C64AA3900DB5600 /* AuthViewModel.swift */ = {isa = PBXFileReference; fileEncoding = 4; lastKnownFileType = sourcecode.swift; path = AuthViewModel.swift; sourceTree = "<group>"; };
		13DC5E742C64AB0900DB5600 /* PresentationDependency.swift */ = {isa = PBXFileReference; fileEncoding = 4; lastKnownFileType = sourcecode.swift; path = PresentationDependency.swift; sourceTree = "<group>"; };
		13DC5E772C64AB1100DB5600 /* DIContainer.swift */ = {isa = PBXFileReference; fileEncoding = 4; lastKnownFileType = sourcecode.swift; path = DIContainer.swift; sourceTree = "<group>"; };
		13DCABF92D60EBA10008A0E7 /* LookBookEntity.swift */ = {isa = PBXFileReference; lastKnownFileType = sourcecode.swift; path = LookBookEntity.swift; sourceTree = "<group>"; };
		13EE9CD72C8C3F9200FAEB36 /* LookBookEditView.swift */ = {isa = PBXFileReference; lastKnownFileType = sourcecode.swift; path = LookBookEditView.swift; sourceTree = "<group>"; };
		13F6EED32D2B9C1B0053CCA5 /* AppDelegate.swift */ = {isa = PBXFileReference; lastKnownFileType = sourcecode.swift; path = AppDelegate.swift; sourceTree = "<group>"; };
		13F8ABD32D19D5A800E08057 /* ExpendableTextView.swift */ = {isa = PBXFileReference; lastKnownFileType = sourcecode.swift; path = ExpendableTextView.swift; sourceTree = "<group>"; };
		13F8ABD52D19D91C00E08057 /* BorderedRectangle.swift */ = {isa = PBXFileReference; lastKnownFileType = sourcecode.swift; path = BorderedRectangle.swift; sourceTree = "<group>"; };
		13F8ABD72D19DF5600E08057 /* TitleForm.swift */ = {isa = PBXFileReference; lastKnownFileType = sourcecode.swift; path = TitleForm.swift; sourceTree = "<group>"; };
		13F951AA2D9C4B7900F69C94 /* NegguSheet.swift */ = {isa = PBXFileReference; lastKnownFileType = sourcecode.swift; path = NegguSheet.swift; sourceTree = "<group>"; };
		13FA3B492DAE865000D52EF8 /* ColleageItemView.swift */ = {isa = PBXFileReference; lastKnownFileType = sourcecode.swift; path = ColleageItemView.swift; sourceTree = "<group>"; };
		13FD7D542CBB874400D21143 /* LookBookDetailView.swift */ = {isa = PBXFileReference; lastKnownFileType = sourcecode.swift; path = LookBookDetailView.swift; sourceTree = "<group>"; };
		13FE56CD2D53483C00C7D4E9 /* ClosetViewModel.swift */ = {isa = PBXFileReference; lastKnownFileType = sourcecode.swift; path = ClosetViewModel.swift; sourceTree = "<group>"; };
		13FE61FA2D2AA1DD00578BB5 /* GoogleService-Info.plist */ = {isa = PBXFileReference; lastKnownFileType = text.plist.xml; path = "GoogleService-Info.plist"; sourceTree = "<group>"; };
		13FE61FC2D2ABDF100578BB5 /* SignUpCompleteView.swift */ = {isa = PBXFileReference; lastKnownFileType = sourcecode.swift; path = SignUpCompleteView.swift; sourceTree = "<group>"; };
/* End PBXFileReference section */

/* Begin PBXFrameworksBuildPhase section */
		1386EACA2C5D3F9C0085655D /* Frameworks */ = {
			isa = PBXFrameworksBuildPhase;
			buildActionMask = 2147483647;
			files = (
				1322471B2C5E931A004557EF /* GoogleSignIn in Frameworks */,
				13830E2B2C6FA4C200CA385F /* KakaoSDKCommon in Frameworks */,
				1308D2682C61F08E003F50F3 /* KakaoSDK in Frameworks */,
				132247182C5E924F004557EF /* FirebaseMessaging in Frameworks */,
				13659CD52C5F60C400BB6B91 /* CombineMoya in Frameworks */,
				136470D12C8A360600A0D545 /* SwiftSoup in Frameworks */,
				1368D4922DA833A800DFE166 /* AppsFlyerLib-Static in Frameworks */,
				132247162C5E924F004557EF /* FirebaseCrashlytics in Frameworks */,
				132247122C5E924F004557EF /* FirebaseAnalytics in Frameworks */,
				13659CD72C5F60C400BB6B91 /* Moya in Frameworks */,
				132247142C5E924F004557EF /* FirebaseAuth in Frameworks */,
				1308D26C2C61F08E003F50F3 /* KakaoSDKUser in Frameworks */,
				1308D26A2C61F08E003F50F3 /* KakaoSDKAuth in Frameworks */,
			);
			runOnlyForDeploymentPostprocessing = 0;
		};
		1386EADA2C5D3F9D0085655D /* Frameworks */ = {
			isa = PBXFrameworksBuildPhase;
			buildActionMask = 2147483647;
			files = (
			);
			runOnlyForDeploymentPostprocessing = 0;
		};
		1386EAE42C5D3F9D0085655D /* Frameworks */ = {
			isa = PBXFrameworksBuildPhase;
			buildActionMask = 2147483647;
			files = (
			);
			runOnlyForDeploymentPostprocessing = 0;
		};
/* End PBXFrameworksBuildPhase section */

/* Begin PBXGroup section */
		1301BC7D2DB1A5BA0065864D /* View */ = {
			isa = PBXGroup;
			children = (
				1338892C2C89E7A70023CED5 /* ClosetView.swift */,
				1337B70A2CDD009C0052BFF2 /* ClothesDetailView.swift */,
				13A4D6C92CAAC13E003F2E7C /* ClothesRegisterView.swift */,
				136C79D52CEC8FF9009DEA76 /* ClothesNameEditView.swift */,
				13BA78A12D376B0800ADB1C1 /* CategorySheet.swift */,
				13BA78A32D378B0000ADB1C1 /* ColorSheet.swift */,
				133D798D2D3A19DF00B0D0E3 /* MoodSheet.swift */,
				133D798F2D3A31AA00B0D0E3 /* BrandSheet.swift */,
			);
			path = View;
			sourceTree = "<group>";
		};
		1301BC7E2DB1A5C80065864D /* ViewModel */ = {
			isa = PBXGroup;
			children = (
				13FE56CD2D53483C00C7D4E9 /* ClosetViewModel.swift */,
				1301BC792DB145BC0065864D /* ClothesDetailViewModel.swift */,
				1301BC7B2DB1A0DE0065864D /* ClothesRegisterViewModel.swift */,
			);
			path = ViewModel;
			sourceTree = "<group>";
		};
		1301BC7F2DB1A5D80065864D /* Model */ = {
			isa = PBXGroup;
			children = (
				1301BC732DB066D70065864D /* ClothesFilter.swift */,
				1301BC802DB1A6130065864D /* ClothesDetail.swift */,
				1301BC752DB0960C0065864D /* HTMLParsingResult.swift */,
			);
			path = Model;
			sourceTree = "<group>";
		};
		1302FE572C86E9E80076D015 /* Fonts */ = {
			isa = PBXGroup;
			children = (
				1346786D2C97316C009A6F92 /* Pretendard-Bold.otf */,
				1302FE592C86EA180076D015 /* Pretendard-Medium.otf */,
				1302FE582C86EA180076D015 /* Pretendard-Regular.otf */,
			);
			path = Fonts;
			sourceTree = "<group>";
		};
		1308D26F2C6274D0003F50F3 /* Auth */ = {
			isa = PBXGroup;
			children = (
				1308D2722C62790C003F50F3 /* AuthCoordinator.swift */,
				13DC5E722C64AA3900DB5600 /* AuthViewModel.swift */,
				1317A4662CE3688D007264C7 /* OnboardingView.swift */,
				1308D26D2C6274C9003F50F3 /* LoginView.swift */,
				1302FE5E2C8709C50076D015 /* SignUpView.swift */,
				13BE36622D2845F20033DE7B /* SignUpNicknameView.swift */,
				13CDE7522D3AC61E00D9E316 /* SignUpAgeView.swift */,
				13BE365E2D2845BB0033DE7B /* SignUpGenderView.swift */,
				13BE36602D2845CF0033DE7B /* SignUpMoodView.swift */,
				13FE61FC2D2ABDF100578BB5 /* SignUpCompleteView.swift */,
			);
			path = Auth;
			sourceTree = "<group>";
		};
		1309706C2D40C4900050D091 /* Setting */ = {
			isa = PBXGroup;
			children = (
				1309706D2D40C4A20050D091 /* SettingView.swift */,
			);
			path = Setting;
			sourceTree = "<group>";
		};
		1337B7092CDCF7200052BFF2 /* LookBook */ = {
			isa = PBXGroup;
			children = (
				13DBA7E82CC434DD003A10AE /* LookBookMainView.swift */,
				13FD7D542CBB874400D21143 /* LookBookDetailView.swift */,
				13EE9CD72C8C3F9200FAEB36 /* LookBookEditView.swift */,
				13AEFD462D30EC2C0041C10A /* LookBookCell.swift */,
				136C79D92CEC99D6009DEA76 /* LookBookDateSheet.swift */,
				139728FD2D7356EC0021B356 /* LookBookDeleteSheet.swift */,
				134342452D7CCDD800D3F1A3 /* NegguInviteAlert.swift */,
				1354444E2DA1897B00112F96 /* LookBookViewModel.swift */,
				13FA3B492DAE865000D52EF8 /* ColleageItemView.swift */,
				133CCC952DB2CC8A008386A8 /* UserProfileHeader.swift */,
				133CCC972DB2CCBB008386A8 /* UserLookBookStateView.swift */,
				133CCC992DB2CDB7008386A8 /* StyleAnalyzeButton.swift */,
			);
			path = LookBook;
			sourceTree = "<group>";
		};
		1338892B2C89E73B0023CED5 /* Closet */ = {
			isa = PBXGroup;
			children = (
				1301BC7F2DB1A5D80065864D /* Model */,
				1301BC7D2DB1A5BA0065864D /* View */,
				1301BC7E2DB1A5C80065864D /* ViewModel */,
			);
			path = Closet;
			sourceTree = "<group>";
		};
		1347E7652DA519850008E127 /* Insight */ = {
			isa = PBXGroup;
			children = (
				1347E7662DA519A30008E127 /* InsightView.swift */,
				13624D402DA6CA5900732B01 /* InsightViewModel.swift */,
			);
			path = Insight;
			sourceTree = "<group>";
		};
		135FEC982DAB719300E3AFB1 /* Manager */ = {
			isa = PBXGroup;
			children = (
				133889272C898B3E0023CED5 /* ImageAnalyzeManager.swift */,
			);
			path = Manager;
			sourceTree = "<group>";
		};
		135FEC992DAB731600E3AFB1 /* Root */ = {
			isa = PBXGroup;
			children = (
				1386EAD22C5D3F9C0085655D /* ContentView.swift */,
				1308D2742C62801F003F50F3 /* Coordinator.swift */,
				13D7EEE12D2CE2BB00E1017F /* MainCoordinator.swift */,
				133889292C899BF90023CED5 /* BottomNavigationBar.swift */,
				134AD9A22D368C9400B18C1B /* NegguCTAButton.swift */,
				13B663792DB22D0300B373B0 /* NameEditView.swift */,
			);
			path = Root;
			sourceTree = "<group>";
		};
		13607EA52C80E44B0073FCE2 /* ci_scripts */ = {
			isa = PBXGroup;
			children = (
				13607EA62C80E4770073FCE2 /* ci_post_clone.sh */,
			);
			path = ci_scripts;
			sourceTree = "<group>";
		};
		1364C8742C61280000F67E3C /* Util */ = {
			isa = PBXGroup;
			children = (
				13659CEA2C5FBFA100BB6B91 /* Util.swift */,
				1364C8752C61281200F67E3C /* UserDefaultsKey.swift */,
				1302FE5C2C86EA6B0076D015 /* NegguFont.swift */,
				1384FE862CD8FA3E00162AAF /* NegguColor.swift */,
			);
			path = Util;
			sourceTree = "<group>";
		};
		13659CE12C5FA13C00BB6B91 /* Foundation */ = {
			isa = PBXGroup;
			children = (
				13659CDF2C5F8F1D00BB6B91 /* APIError.swift */,
				13659CEC2C5FE0EE00BB6B91 /* APIEventLogger.swift */,
				1364C86C2C60FF0500F67E3C /* ErrorResponse.swift */,
				13659CD82C5F612200BB6B91 /* BaseAPI.swift */,
				13659CDA2C5F613500BB6B91 /* BaseService.swift */,
				13659CE42C5FA19500BB6B91 /* NegguInterceptor.swift */,
				13659CE62C5FA8C100BB6B91 /* NegguEnv.swift */,
				13595F282DA9587700AFF836 /* DeepLinkManager.swift */,
				13897EBF2DAB9AB600CBD97F /* CachedAsyncImage.swift */,
			);
			path = Foundation;
			sourceTree = "<group>";
		};
		13830E292C6FA4C200CA385F /* Frameworks */ = {
			isa = PBXGroup;
			children = (
			);
			name = Frameworks;
			sourceTree = "<group>";
		};
		1386EAC42C5D3F9C0085655D = {
			isa = PBXGroup;
			children = (
				13607EA52C80E44B0073FCE2 /* ci_scripts */,
				1386EACF2C5D3F9C0085655D /* neggu */,
				1386EAE02C5D3F9D0085655D /* negguTests */,
				1386EAEA2C5D3F9D0085655D /* negguUITests */,
				1386EACE2C5D3F9C0085655D /* Products */,
				13830E292C6FA4C200CA385F /* Frameworks */,
			);
			sourceTree = "<group>";
		};
		1386EACE2C5D3F9C0085655D /* Products */ = {
			isa = PBXGroup;
			children = (
				1386EACD2C5D3F9C0085655D /* neggu.app */,
				1386EADD2C5D3F9D0085655D /* negguTests.xctest */,
				1386EAE72C5D3F9D0085655D /* negguUITests.xctest */,
			);
			name = Products;
			sourceTree = "<group>";
		};
		1386EACF2C5D3F9C0085655D /* neggu */ = {
			isa = PBXGroup;
			children = (
				1386EAFA2C5D3FA40085655D /* App */,
				1386EB092C5D41B80085655D /* Core */,
				1386EAFC2C5D3FBD0085655D /* Data */,
				1386EAFD2C5D3FC50085655D /* Domain */,
				1386EAFE2C5D3FCD0085655D /* Features */,
				1386EB0A2C5D41C40085655D /* NegguDS */,
				1386EAFB2C5D3FAC0085655D /* Resources */,
			);
			path = neggu;
			sourceTree = "<group>";
		};
		1386EAE02C5D3F9D0085655D /* negguTests */ = {
			isa = PBXGroup;
			children = (
				1386EAE12C5D3F9D0085655D /* negguTests.swift */,
			);
			path = negguTests;
			sourceTree = "<group>";
		};
		1386EAEA2C5D3F9D0085655D /* negguUITests */ = {
			isa = PBXGroup;
			children = (
				1386EAEB2C5D3F9D0085655D /* negguUITests.swift */,
				1386EAED2C5D3F9D0085655D /* negguUITestsLaunchTests.swift */,
			);
			path = negguUITests;
			sourceTree = "<group>";
		};
		1386EAFA2C5D3FA40085655D /* App */ = {
			isa = PBXGroup;
			children = (
				1386EAFF2C5D40350085655D /* LaunchScreen.storyboard */,
				13F6EED32D2B9C1B0053CCA5 /* AppDelegate.swift */,
				1386EAD02C5D3F9C0085655D /* negguApp.swift */,
				13DC5E752C64AB0900DB5600 /* ContainerDependencies */,
			);
			path = App;
			sourceTree = "<group>";
		};
		1386EAFB2C5D3FAC0085655D /* Resources */ = {
			isa = PBXGroup;
			children = (
				133927392C7F1D3C009E623B /* neggu.entitlements */,
				13FE61FA2D2AA1DD00578BB5 /* GoogleService-Info.plist */,
				132247202C5E946A004557EF /* Info.plist */,
				1386EAD42C5D3F9C0085655D /* Assets.xcassets */,
				1386EB012C5D416D0085655D /* Colors.xcassets */,
				132247232C5E972F004557EF /* NegguKeys.xcconfig */,
				1386EB072C5D419B0085655D /* Localizable.xcstrings */,
				1302FE572C86E9E80076D015 /* Fonts */,
			);
			path = Resources;
			sourceTree = "<group>";
		};
		1386EAFC2C5D3FBD0085655D /* Data */ = {
			isa = PBXGroup;
			children = (
				1364C86E2C6102F500F67E3C /* AuthAPI.swift */,
				13BE365C2D27975D0033DE7B /* HealthAPI.swift */,
				1350810B2D38BC95005E2491 /* ClosetAPI.swift */,
				1352E0032D5F50AD00354234 /* LookBookAPI.swift */,
				1309706F2D41248D0050D091 /* UserAPI.swift */,
				1347E7682DA53D9C0008E127 /* InsightAPI.swift */,
				1364C8702C6102FD00F67E3C /* AuthService.swift */,
				1350810D2D38C760005E2491 /* ClosetService.swift */,
				1352E0052D5F68D100354234 /* LookBookService.swift */,
				130970712D4126290050D091 /* UserService.swift */,
				1347E76A2DA53F910008E127 /* InsightService.swift */,
			);
			path = Data;
			sourceTree = "<group>";
		};
		1386EAFD2C5D3FC50085655D /* Domain */ = {
			isa = PBXGroup;
			children = (
				1364C8722C61031E00F67E3C /* TokenEntity.swift */,
				1364C8772C61370700F67E3C /* CheckNicknameEntity.swift */,
				13BE365A2D2797200033DE7B /* ErrorEntity.swift */,
				136470CD2C8A34FC00A0D545 /* ClothesEntity.swift */,
				13DCABF92D60EBA10008A0E7 /* LookBookEntity.swift */,
				1350811B2D38D5A4005E2491 /* BrandEntity.swift */,
				134342472D7CE4FF00D3F1A3 /* UserProfileEntity.swift */,
				135A27932DA40A410048AA15 /* NegguInviteEntity.swift */,
				1347E76C2DA540260008E127 /* InsightEntity.swift */,
			);
			path = Domain;
			sourceTree = "<group>";
		};
		1386EAFE2C5D3FCD0085655D /* Features */ = {
			isa = PBXGroup;
			children = (
				135FEC992DAB731600E3AFB1 /* Root */,
				1308D26F2C6274D0003F50F3 /* Auth */,
				1338892B2C89E73B0023CED5 /* Closet */,
				1337B7092CDCF7200052BFF2 /* LookBook */,
				1347E7652DA519850008E127 /* Insight */,
				1309706C2D40C4900050D091 /* Setting */,
			);
			path = Features;
			sourceTree = "<group>";
		};
		1386EB092C5D41B80085655D /* Core */ = {
			isa = PBXGroup;
			children = (
				13DC5E782C64AB1100DB5600 /* DI */,
				13AEFD482D30F1F20041C10A /* Enum */,
				13B375782D34E36A001D009E /* Extension */,
				13659CE12C5FA13C00BB6B91 /* Foundation */,
				135FEC982DAB719300E3AFB1 /* Manager */,
				1364C8742C61280000F67E3C /* Util */,
			);
			path = Core;
			sourceTree = "<group>";
		};
		1386EB0A2C5D41C40085655D /* NegguDS */ = {
			isa = PBXGroup;
			children = (
				1317A4682CE4E758007264C7 /* BannerCarousel.swift */,
				136C787F2CEB0584009DEA76 /* BorderedChip.swift */,
				13F8ABD52D19D91C00E08057 /* BorderedRectangle.swift */,
				1334DBF82CAA73AA00928C4C /* CustomScrollView.swift */,
				13AEFD442D30E8E30041C10A /* DateSelectButton.swift */,
				13F8ABD32D19D5A800E08057 /* ExpendableTextView.swift */,
				13BA789F2D376A5400ADB1C1 /* FilterButton.swift */,
				133A43532DAAD2060090E409 /* GradientView.swift */,
				1390E0E02D687D1000848920 /* ImagePicker.swift */,
				134AD9A02D363F4D00B18C1B /* LinkBanner.swift */,
				136C79D72CEC9780009DEA76 /* NegguAlert.swift */,
				13F951AA2D9C4B7900F69C94 /* NegguSheet.swift */,
				1318DE542D3F600D0077972D /* PickerField.swift */,
				13F8ABD72D19DF5600E08057 /* TitleForm.swift */,
				1346D4632DAC7B9F00638C0E /* SkeletonView.swift */,
			);
			path = NegguDS;
			sourceTree = "<group>";
		};
		13AEFD482D30F1F20041C10A /* Enum */ = {
			isa = PBXGroup;
			children = (
				135081192D38CCBF005E2491 /* SubCategory.swift */,
				135081172D38CCB2005E2491 /* Category.swift */,
				135081152D38CCA1005E2491 /* Mood.swift */,
				135081132D38CC94005E2491 /* Gender.swift */,
				135081112D38CC84005E2491 /* PriceRange.swift */,
				13AEFD492D30F1FD0041C10A /* ColorFilter.swift */,
			);
			path = Enum;
			sourceTree = "<group>";
		};
		13B375782D34E36A001D009E /* Extension */ = {
			isa = PBXGroup;
			children = (
				1318DE562D3F79410077972D /* String+Extension.swift */,
				13B375792D34E37D001D009E /* Date+Extension.swift */,
				13B3757E2D34E795001D009E /* CGSize+Extension.swift */,
				130970682D40C1420050D091 /* UIImage+Extension.swift */,
				1309706A2D40C1830050D091 /* UIColor+Extension.swift */,
				133CCC9B2DB2CFAF008386A8 /* UINavigationController+Extension.swift */,
				133CCC9D2DB2DE9F008386A8 /* View+Extension.swift */,
			);
			path = Extension;
			sourceTree = "<group>";
		};
		13DC5E752C64AB0900DB5600 /* ContainerDependencies */ = {
			isa = PBXGroup;
			children = (
				13DC5E742C64AB0900DB5600 /* PresentationDependency.swift */,
			);
			path = ContainerDependencies;
			sourceTree = "<group>";
		};
		13DC5E782C64AB1100DB5600 /* DI */ = {
			isa = PBXGroup;
			children = (
				13DC5E772C64AB1100DB5600 /* DIContainer.swift */,
			);
			path = DI;
			sourceTree = "<group>";
		};
/* End PBXGroup section */

/* Begin PBXNativeTarget section */
		1386EACC2C5D3F9C0085655D /* neggu */ = {
			isa = PBXNativeTarget;
			buildConfigurationList = 1386EAF12C5D3F9D0085655D /* Build configuration list for PBXNativeTarget "neggu" */;
			buildPhases = (
				1386EAC92C5D3F9C0085655D /* Sources */,
				1386EACA2C5D3F9C0085655D /* Frameworks */,
				1386EACB2C5D3F9C0085655D /* Resources */,
			);
			buildRules = (
			);
			dependencies = (
			);
			name = neggu;
			packageProductDependencies = (
				132247112C5E924F004557EF /* FirebaseAnalytics */,
				132247132C5E924F004557EF /* FirebaseAuth */,
				132247152C5E924F004557EF /* FirebaseCrashlytics */,
				132247172C5E924F004557EF /* FirebaseMessaging */,
				1322471A2C5E931A004557EF /* GoogleSignIn */,
				13659CD42C5F60C400BB6B91 /* CombineMoya */,
				13659CD62C5F60C400BB6B91 /* Moya */,
				1308D2672C61F08E003F50F3 /* KakaoSDK */,
				1308D2692C61F08E003F50F3 /* KakaoSDKAuth */,
				1308D26B2C61F08E003F50F3 /* KakaoSDKUser */,
				13830E2A2C6FA4C200CA385F /* KakaoSDKCommon */,
				136470D02C8A360600A0D545 /* SwiftSoup */,
				1368D4912DA833A800DFE166 /* AppsFlyerLib-Static */,
			);
			productName = neggu;
			productReference = 1386EACD2C5D3F9C0085655D /* neggu.app */;
			productType = "com.apple.product-type.application";
		};
		1386EADC2C5D3F9D0085655D /* negguTests */ = {
			isa = PBXNativeTarget;
			buildConfigurationList = 1386EAF42C5D3F9D0085655D /* Build configuration list for PBXNativeTarget "negguTests" */;
			buildPhases = (
				1386EAD92C5D3F9D0085655D /* Sources */,
				1386EADA2C5D3F9D0085655D /* Frameworks */,
				1386EADB2C5D3F9D0085655D /* Resources */,
			);
			buildRules = (
			);
			dependencies = (
				1386EADF2C5D3F9D0085655D /* PBXTargetDependency */,
			);
			name = negguTests;
			productName = negguTests;
			productReference = 1386EADD2C5D3F9D0085655D /* negguTests.xctest */;
			productType = "com.apple.product-type.bundle.unit-test";
		};
		1386EAE62C5D3F9D0085655D /* negguUITests */ = {
			isa = PBXNativeTarget;
			buildConfigurationList = 1386EAF72C5D3F9D0085655D /* Build configuration list for PBXNativeTarget "negguUITests" */;
			buildPhases = (
				1386EAE32C5D3F9D0085655D /* Sources */,
				1386EAE42C5D3F9D0085655D /* Frameworks */,
				1386EAE52C5D3F9D0085655D /* Resources */,
			);
			buildRules = (
			);
			dependencies = (
				1386EAE92C5D3F9D0085655D /* PBXTargetDependency */,
			);
			name = negguUITests;
			productName = negguUITests;
			productReference = 1386EAE72C5D3F9D0085655D /* negguUITests.xctest */;
			productType = "com.apple.product-type.bundle.ui-testing";
		};
/* End PBXNativeTarget section */

/* Begin PBXProject section */
		1386EAC52C5D3F9C0085655D /* Project object */ = {
			isa = PBXProject;
			attributes = {
				BuildIndependentTargetsInParallel = 1;
				LastSwiftUpdateCheck = 1530;
				LastUpgradeCheck = 1530;
				TargetAttributes = {
					1386EACC2C5D3F9C0085655D = {
						CreatedOnToolsVersion = 15.3;
					};
					1386EADC2C5D3F9D0085655D = {
						CreatedOnToolsVersion = 15.3;
						TestTargetID = 1386EACC2C5D3F9C0085655D;
					};
					1386EAE62C5D3F9D0085655D = {
						CreatedOnToolsVersion = 15.3;
						TestTargetID = 1386EACC2C5D3F9C0085655D;
					};
				};
			};
			buildConfigurationList = 1386EAC82C5D3F9C0085655D /* Build configuration list for PBXProject "neggu" */;
			compatibilityVersion = "Xcode 14.0";
			developmentRegion = ko;
			hasScannedForEncodings = 0;
			knownRegions = (
				en,
				Base,
				ko,
			);
			mainGroup = 1386EAC42C5D3F9C0085655D;
			packageReferences = (
				132247102C5E924F004557EF /* XCRemoteSwiftPackageReference "firebase-ios-sdk" */,
				132247192C5E931A004557EF /* XCRemoteSwiftPackageReference "GoogleSignIn-iOS" */,
				13659CD32C5F60C300BB6B91 /* XCRemoteSwiftPackageReference "Moya" */,
				1308D2662C61F08E003F50F3 /* XCRemoteSwiftPackageReference "kakao-ios-sdk" */,
				136470CF2C8A360600A0D545 /* XCRemoteSwiftPackageReference "SwiftSoup" */,
				1368D4902DA833A800DFE166 /* XCRemoteSwiftPackageReference "AppsFlyerFramework-Static" */,
			);
			productRefGroup = 1386EACE2C5D3F9C0085655D /* Products */;
			projectDirPath = "";
			projectRoot = "";
			targets = (
				1386EACC2C5D3F9C0085655D /* neggu */,
				1386EADC2C5D3F9D0085655D /* negguTests */,
				1386EAE62C5D3F9D0085655D /* negguUITests */,
			);
		};
/* End PBXProject section */

/* Begin PBXResourcesBuildPhase section */
		1386EACB2C5D3F9C0085655D /* Resources */ = {
			isa = PBXResourcesBuildPhase;
			buildActionMask = 2147483647;
			files = (
				1302FE5B2C86EA180076D015 /* Pretendard-Medium.otf in Resources */,
				13FE61FB2D2AA1DD00578BB5 /* GoogleService-Info.plist in Resources */,
				1346786E2C97316C009A6F92 /* Pretendard-Bold.otf in Resources */,
				1386EB022C5D416D0085655D /* Colors.xcassets in Resources */,
				1302FE5A2C86EA180076D015 /* Pretendard-Regular.otf in Resources */,
				1386EAD52C5D3F9C0085655D /* Assets.xcassets in Resources */,
				1386EB082C5D419B0085655D /* Localizable.xcstrings in Resources */,
				1386EB002C5D40350085655D /* LaunchScreen.storyboard in Resources */,
			);
			runOnlyForDeploymentPostprocessing = 0;
		};
		1386EADB2C5D3F9D0085655D /* Resources */ = {
			isa = PBXResourcesBuildPhase;
			buildActionMask = 2147483647;
			files = (
			);
			runOnlyForDeploymentPostprocessing = 0;
		};
		1386EAE52C5D3F9D0085655D /* Resources */ = {
			isa = PBXResourcesBuildPhase;
			buildActionMask = 2147483647;
			files = (
			);
			runOnlyForDeploymentPostprocessing = 0;
		};
/* End PBXResourcesBuildPhase section */

/* Begin PBXSourcesBuildPhase section */
		1386EAC92C5D3F9C0085655D /* Sources */ = {
			isa = PBXSourcesBuildPhase;
			buildActionMask = 2147483647;
			files = (
				1302FE5D2C86EA6B0076D015 /* NegguFont.swift in Sources */,
				1309706B2D40C1830050D091 /* UIColor+Extension.swift in Sources */,
				13DC5E732C64AA3900DB5600 /* AuthViewModel.swift in Sources */,
				134AD9A12D363F4D00B18C1B /* LinkBanner.swift in Sources */,
				1338892D2C89E7A70023CED5 /* ClosetView.swift in Sources */,
				1346D4642DAC7B9F00638C0E /* SkeletonView.swift in Sources */,
				13A4D6CA2CAAC13E003F2E7C /* ClothesRegisterView.swift in Sources */,
				13659CDB2C5F613500BB6B91 /* BaseService.swift in Sources */,
				135081162D38CCA1005E2491 /* Mood.swift in Sources */,
				135A27942DA40A410048AA15 /* NegguInviteEntity.swift in Sources */,
				1347E76B2DA53F910008E127 /* InsightService.swift in Sources */,
				1386EAD32C5D3F9C0085655D /* ContentView.swift in Sources */,
				1318DE572D3F79410077972D /* String+Extension.swift in Sources */,
				133CCC9A2DB2CDB7008386A8 /* StyleAnalyzeButton.swift in Sources */,
				1352E0062D5F68D100354234 /* LookBookService.swift in Sources */,
				1390E0E12D687D1000848920 /* ImagePicker.swift in Sources */,
				133CCC9E2DB2DE9F008386A8 /* View+Extension.swift in Sources */,
				13EE9CD82C8C3F9200FAEB36 /* LookBookEditView.swift in Sources */,
				13F6EED42D2B9C1B0053CCA5 /* AppDelegate.swift in Sources */,
				1347E7692DA53D9C0008E127 /* InsightAPI.swift in Sources */,
				13D7EEE22D2CE2BB00E1017F /* MainCoordinator.swift in Sources */,
				13659CE72C5FA8C100BB6B91 /* NegguEnv.swift in Sources */,
				13FD7D552CBB874400D21143 /* LookBookDetailView.swift in Sources */,
				1350811A2D38CCBF005E2491 /* SubCategory.swift in Sources */,
				136C79DA2CEC99D6009DEA76 /* LookBookDateSheet.swift in Sources */,
				13CDE7532D3AC61E00D9E316 /* SignUpAgeView.swift in Sources */,
				133CCC962DB2CC8A008386A8 /* UserProfileHeader.swift in Sources */,
				1364C86F2C6102F500F67E3C /* AuthAPI.swift in Sources */,
				13AEFD4A2D30F1FD0041C10A /* ColorFilter.swift in Sources */,
				1301BC812DB1A6130065864D /* ClothesDetail.swift in Sources */,
				1309706E2D40C4A20050D091 /* SettingView.swift in Sources */,
				135081142D38CC94005E2491 /* Gender.swift in Sources */,
				1354444F2DA1897B00112F96 /* LookBookViewModel.swift in Sources */,
				13659CE02C5F8F1E00BB6B91 /* APIError.swift in Sources */,
				1364C8782C61370700F67E3C /* CheckNicknameEntity.swift in Sources */,
				133D79902D3A31AA00B0D0E3 /* BrandSheet.swift in Sources */,
				1302FE5F2C8709C50076D015 /* SignUpView.swift in Sources */,
				1337B70B2CDD009C0052BFF2 /* ClothesDetailView.swift in Sources */,
				1347E76D2DA540260008E127 /* InsightEntity.swift in Sources */,
				1364C8732C61031E00F67E3C /* TokenEntity.swift in Sources */,
				1386EAD12C5D3F9C0085655D /* negguApp.swift in Sources */,
				1352E0042D5F50AD00354234 /* LookBookAPI.swift in Sources */,
				1317A4692CE4E758007264C7 /* BannerCarousel.swift in Sources */,
				1364C86D2C60FF0500F67E3C /* ErrorResponse.swift in Sources */,
				1347E7672DA519A30008E127 /* InsightView.swift in Sources */,
				13F8ABD82D19DF5600E08057 /* TitleForm.swift in Sources */,
				1334DBF92CAA73AA00928C4C /* CustomScrollView.swift in Sources */,
				13BE365D2D27975D0033DE7B /* HealthAPI.swift in Sources */,
				13F8ABD42D19D5A800E08057 /* ExpendableTextView.swift in Sources */,
				134AD9A32D368C9400B18C1B /* NegguCTAButton.swift in Sources */,
				1350810C2D38BC95005E2491 /* ClosetAPI.swift in Sources */,
				13F951AB2D9C4B7900F69C94 /* NegguSheet.swift in Sources */,
				13659CE52C5FA19500BB6B91 /* NegguInterceptor.swift in Sources */,
				1308D26E2C6274C9003F50F3 /* LoginView.swift in Sources */,
				13B6637A2DB22D0300B373B0 /* NameEditView.swift in Sources */,
				13DCABFA2D60EBA10008A0E7 /* LookBookEntity.swift in Sources */,
				13BE36612D2845CF0033DE7B /* SignUpMoodView.swift in Sources */,
				1301BC762DB0960C0065864D /* HTMLParsingResult.swift in Sources */,
				1301BC7A2DB145BC0065864D /* ClothesDetailViewModel.swift in Sources */,
				130970692D40C1420050D091 /* UIImage+Extension.swift in Sources */,
				134342462D7CCDD800D3F1A3 /* NegguInviteAlert.swift in Sources */,
				134342482D7CE4FF00D3F1A3 /* UserProfileEntity.swift in Sources */,
				13DC5E792C64AB1100DB5600 /* DIContainer.swift in Sources */,
				13BE365F2D2845BB0033DE7B /* SignUpGenderView.swift in Sources */,
				1308D2752C62801F003F50F3 /* Coordinator.swift in Sources */,
				135081122D38CC84005E2491 /* PriceRange.swift in Sources */,
				1350811C2D38D5A4005E2491 /* BrandEntity.swift in Sources */,
				13BA78A42D378B0000ADB1C1 /* ColorSheet.swift in Sources */,
				13BA78A02D376A5400ADB1C1 /* FilterButton.swift in Sources */,
				1301BC742DB066D70065864D /* ClothesFilter.swift in Sources */,
				135081182D38CCB2005E2491 /* Category.swift in Sources */,
				136C79D62CEC8FF9009DEA76 /* ClothesNameEditView.swift in Sources */,
				13DC5E762C64AB0900DB5600 /* PresentationDependency.swift in Sources */,
				136C79D82CEC9780009DEA76 /* NegguAlert.swift in Sources */,
				13659CED2C5FE0EE00BB6B91 /* APIEventLogger.swift in Sources */,
				1318DE552D3F600D0077972D /* PickerField.swift in Sources */,
				1308D2732C62790C003F50F3 /* AuthCoordinator.swift in Sources */,
				1317A4672CE3688D007264C7 /* OnboardingView.swift in Sources */,
				139728FE2D7356EC0021B356 /* LookBookDeleteSheet.swift in Sources */,
				133CCC9C2DB2CFAF008386A8 /* UINavigationController+Extension.swift in Sources */,
				1364C8762C61281200F67E3C /* UserDefaultsKey.swift in Sources */,
				13F8ABD62D19D91C00E08057 /* BorderedRectangle.swift in Sources */,
				136470CE2C8A34FC00A0D545 /* ClothesEntity.swift in Sources */,
				133A43542DAAD2060090E409 /* GradientView.swift in Sources */,
				130970702D41248D0050D091 /* UserAPI.swift in Sources */,
				13624D412DA6CA5900732B01 /* InsightViewModel.swift in Sources */,
				13BE36632D2845F20033DE7B /* SignUpNicknameView.swift in Sources */,
				13B3757A2D34E37D001D009E /* Date+Extension.swift in Sources */,
				13FE56CE2D53483C00C7D4E9 /* ClosetViewModel.swift in Sources */,
				1350810E2D38C760005E2491 /* ClosetService.swift in Sources */,
				133889282C898B3E0023CED5 /* ImageAnalyzeManager.swift in Sources */,
				13AEFD472D30EC2C0041C10A /* LookBookCell.swift in Sources */,
				13BA78A22D376B0800ADB1C1 /* CategorySheet.swift in Sources */,
				1338892A2C899BF90023CED5 /* BottomNavigationBar.swift in Sources */,
				13FE61FD2D2ABDF100578BB5 /* SignUpCompleteView.swift in Sources */,
				13AEFD452D30E8E40041C10A /* DateSelectButton.swift in Sources */,
				13B3757F2D34E795001D009E /* CGSize+Extension.swift in Sources */,
				13BE365B2D2797200033DE7B /* ErrorEntity.swift in Sources */,
				13595F292DA9587700AFF836 /* DeepLinkManager.swift in Sources */,
				13659CEB2C5FBFA100BB6B91 /* Util.swift in Sources */,
				13659CD92C5F612200BB6B91 /* BaseAPI.swift in Sources */,
				1384FE872CD8FA3E00162AAF /* NegguColor.swift in Sources */,
				13DBA7E92CC434DD003A10AE /* LookBookView.swift in Sources */,
				1364C8712C6102FD00F67E3C /* AuthService.swift in Sources */,
				133CCC982DB2CCBC008386A8 /* UserLookBookStateView.swift in Sources */,
				13FA3B4A2DAE865000D52EF8 /* ColleageItemView.swift in Sources */,
				136C78802CEB0584009DEA76 /* BorderedChip.swift in Sources */,
				1301BC7C2DB1A0DE0065864D /* ClothesRegisterViewModel.swift in Sources */,
				130970722D4126290050D091 /* UserService.swift in Sources */,
				13897EC02DAB9AB600CBD97F /* CachedAsyncImage.swift in Sources */,
				133D798E2D3A19DF00B0D0E3 /* MoodSheet.swift in Sources */,
			);
			runOnlyForDeploymentPostprocessing = 0;
		};
		1386EAD92C5D3F9D0085655D /* Sources */ = {
			isa = PBXSourcesBuildPhase;
			buildActionMask = 2147483647;
			files = (
				1386EAE22C5D3F9D0085655D /* negguTests.swift in Sources */,
			);
			runOnlyForDeploymentPostprocessing = 0;
		};
		1386EAE32C5D3F9D0085655D /* Sources */ = {
			isa = PBXSourcesBuildPhase;
			buildActionMask = 2147483647;
			files = (
				1386EAEC2C5D3F9D0085655D /* negguUITests.swift in Sources */,
				1386EAEE2C5D3F9D0085655D /* negguUITestsLaunchTests.swift in Sources */,
			);
			runOnlyForDeploymentPostprocessing = 0;
		};
/* End PBXSourcesBuildPhase section */

/* Begin PBXTargetDependency section */
		1386EADF2C5D3F9D0085655D /* PBXTargetDependency */ = {
			isa = PBXTargetDependency;
			target = 1386EACC2C5D3F9C0085655D /* neggu */;
			targetProxy = 1386EADE2C5D3F9D0085655D /* PBXContainerItemProxy */;
		};
		1386EAE92C5D3F9D0085655D /* PBXTargetDependency */ = {
			isa = PBXTargetDependency;
			target = 1386EACC2C5D3F9C0085655D /* neggu */;
			targetProxy = 1386EAE82C5D3F9D0085655D /* PBXContainerItemProxy */;
		};
/* End PBXTargetDependency section */

/* Begin XCBuildConfiguration section */
		1386EAEF2C5D3F9D0085655D /* Debug */ = {
			isa = XCBuildConfiguration;
			baseConfigurationReference = 132247232C5E972F004557EF /* NegguKeys.xcconfig */;
			buildSettings = {
				ALWAYS_SEARCH_USER_PATHS = NO;
				ASSETCATALOG_COMPILER_GENERATE_SWIFT_ASSET_SYMBOL_EXTENSIONS = YES;
				CLANG_ANALYZER_NONNULL = YES;
				CLANG_ANALYZER_NUMBER_OBJECT_CONVERSION = YES_AGGRESSIVE;
				CLANG_CXX_LANGUAGE_STANDARD = "gnu++20";
				CLANG_ENABLE_MODULES = YES;
				CLANG_ENABLE_OBJC_ARC = YES;
				CLANG_ENABLE_OBJC_WEAK = YES;
				CLANG_WARN_BLOCK_CAPTURE_AUTORELEASING = YES;
				CLANG_WARN_BOOL_CONVERSION = YES;
				CLANG_WARN_COMMA = YES;
				CLANG_WARN_CONSTANT_CONVERSION = YES;
				CLANG_WARN_DEPRECATED_OBJC_IMPLEMENTATIONS = YES;
				CLANG_WARN_DIRECT_OBJC_ISA_USAGE = YES_ERROR;
				CLANG_WARN_DOCUMENTATION_COMMENTS = YES;
				CLANG_WARN_EMPTY_BODY = YES;
				CLANG_WARN_ENUM_CONVERSION = YES;
				CLANG_WARN_INFINITE_RECURSION = YES;
				CLANG_WARN_INT_CONVERSION = YES;
				CLANG_WARN_NON_LITERAL_NULL_CONVERSION = YES;
				CLANG_WARN_OBJC_IMPLICIT_RETAIN_SELF = YES;
				CLANG_WARN_OBJC_LITERAL_CONVERSION = YES;
				CLANG_WARN_OBJC_ROOT_CLASS = YES_ERROR;
				CLANG_WARN_QUOTED_INCLUDE_IN_FRAMEWORK_HEADER = YES;
				CLANG_WARN_RANGE_LOOP_ANALYSIS = YES;
				CLANG_WARN_STRICT_PROTOTYPES = YES;
				CLANG_WARN_SUSPICIOUS_MOVE = YES;
				CLANG_WARN_UNGUARDED_AVAILABILITY = YES_AGGRESSIVE;
				CLANG_WARN_UNREACHABLE_CODE = YES;
				CLANG_WARN__DUPLICATE_METHOD_MATCH = YES;
				COPY_PHASE_STRIP = NO;
				DEBUG_INFORMATION_FORMAT = dwarf;
				ENABLE_STRICT_OBJC_MSGSEND = YES;
				ENABLE_TESTABILITY = YES;
				ENABLE_USER_SCRIPT_SANDBOXING = YES;
				GCC_C_LANGUAGE_STANDARD = gnu17;
				GCC_DYNAMIC_NO_PIC = NO;
				GCC_NO_COMMON_BLOCKS = YES;
				GCC_OPTIMIZATION_LEVEL = 0;
				GCC_PREPROCESSOR_DEFINITIONS = (
					"DEBUG=1",
					"$(inherited)",
				);
				GCC_WARN_64_TO_32_BIT_CONVERSION = YES;
				GCC_WARN_ABOUT_RETURN_TYPE = YES_ERROR;
				GCC_WARN_UNDECLARED_SELECTOR = YES;
				GCC_WARN_UNINITIALIZED_AUTOS = YES_AGGRESSIVE;
				GCC_WARN_UNUSED_FUNCTION = YES;
				GCC_WARN_UNUSED_VARIABLE = YES;
				IPHONEOS_DEPLOYMENT_TARGET = 17.4;
				LOCALIZATION_PREFERS_STRING_CATALOGS = YES;
				MTL_ENABLE_DEBUG_INFO = INCLUDE_SOURCE;
				MTL_FAST_MATH = YES;
				ONLY_ACTIVE_ARCH = YES;
				SDKROOT = iphoneos;
				SWIFT_ACTIVE_COMPILATION_CONDITIONS = "DEBUG $(inherited)";
				SWIFT_OPTIMIZATION_LEVEL = "-Onone";
			};
			name = Debug;
		};
		1386EAF02C5D3F9D0085655D /* Release */ = {
			isa = XCBuildConfiguration;
			baseConfigurationReference = 132247232C5E972F004557EF /* NegguKeys.xcconfig */;
			buildSettings = {
				ALWAYS_SEARCH_USER_PATHS = NO;
				ASSETCATALOG_COMPILER_GENERATE_SWIFT_ASSET_SYMBOL_EXTENSIONS = YES;
				CLANG_ANALYZER_NONNULL = YES;
				CLANG_ANALYZER_NUMBER_OBJECT_CONVERSION = YES_AGGRESSIVE;
				CLANG_CXX_LANGUAGE_STANDARD = "gnu++20";
				CLANG_ENABLE_MODULES = YES;
				CLANG_ENABLE_OBJC_ARC = YES;
				CLANG_ENABLE_OBJC_WEAK = YES;
				CLANG_WARN_BLOCK_CAPTURE_AUTORELEASING = YES;
				CLANG_WARN_BOOL_CONVERSION = YES;
				CLANG_WARN_COMMA = YES;
				CLANG_WARN_CONSTANT_CONVERSION = YES;
				CLANG_WARN_DEPRECATED_OBJC_IMPLEMENTATIONS = YES;
				CLANG_WARN_DIRECT_OBJC_ISA_USAGE = YES_ERROR;
				CLANG_WARN_DOCUMENTATION_COMMENTS = YES;
				CLANG_WARN_EMPTY_BODY = YES;
				CLANG_WARN_ENUM_CONVERSION = YES;
				CLANG_WARN_INFINITE_RECURSION = YES;
				CLANG_WARN_INT_CONVERSION = YES;
				CLANG_WARN_NON_LITERAL_NULL_CONVERSION = YES;
				CLANG_WARN_OBJC_IMPLICIT_RETAIN_SELF = YES;
				CLANG_WARN_OBJC_LITERAL_CONVERSION = YES;
				CLANG_WARN_OBJC_ROOT_CLASS = YES_ERROR;
				CLANG_WARN_QUOTED_INCLUDE_IN_FRAMEWORK_HEADER = YES;
				CLANG_WARN_RANGE_LOOP_ANALYSIS = YES;
				CLANG_WARN_STRICT_PROTOTYPES = YES;
				CLANG_WARN_SUSPICIOUS_MOVE = YES;
				CLANG_WARN_UNGUARDED_AVAILABILITY = YES_AGGRESSIVE;
				CLANG_WARN_UNREACHABLE_CODE = YES;
				CLANG_WARN__DUPLICATE_METHOD_MATCH = YES;
				COPY_PHASE_STRIP = NO;
				DEBUG_INFORMATION_FORMAT = "dwarf-with-dsym";
				ENABLE_NS_ASSERTIONS = NO;
				ENABLE_STRICT_OBJC_MSGSEND = YES;
				ENABLE_USER_SCRIPT_SANDBOXING = YES;
				GCC_C_LANGUAGE_STANDARD = gnu17;
				GCC_NO_COMMON_BLOCKS = YES;
				GCC_WARN_64_TO_32_BIT_CONVERSION = YES;
				GCC_WARN_ABOUT_RETURN_TYPE = YES_ERROR;
				GCC_WARN_UNDECLARED_SELECTOR = YES;
				GCC_WARN_UNINITIALIZED_AUTOS = YES_AGGRESSIVE;
				GCC_WARN_UNUSED_FUNCTION = YES;
				GCC_WARN_UNUSED_VARIABLE = YES;
				IPHONEOS_DEPLOYMENT_TARGET = 17.4;
				LOCALIZATION_PREFERS_STRING_CATALOGS = YES;
				MTL_ENABLE_DEBUG_INFO = NO;
				MTL_FAST_MATH = YES;
				SDKROOT = iphoneos;
				SWIFT_COMPILATION_MODE = wholemodule;
				VALIDATE_PRODUCT = YES;
			};
			name = Release;
		};
		1386EAF22C5D3F9D0085655D /* Debug */ = {
			isa = XCBuildConfiguration;
			buildSettings = {
				ASSETCATALOG_COMPILER_APPICON_NAME = AppIcon;
				ASSETCATALOG_COMPILER_GLOBAL_ACCENT_COLOR_NAME = AccentColor;
				CODE_SIGN_ENTITLEMENTS = neggu/Resources/neggu.entitlements;
				CODE_SIGN_IDENTITY = "Apple Development";
				CODE_SIGN_STYLE = Automatic;
				CURRENT_PROJECT_VERSION = 1;
				DEVELOPMENT_ASSET_PATHS = "";
				DEVELOPMENT_TEAM = Q2X68J34KX;
				ENABLE_PREVIEWS = YES;
				GENERATE_INFOPLIST_FILE = YES;
				INFOPLIST_FILE = neggu/Resources/Info.plist;
				INFOPLIST_KEY_CFBundleDisplayName = "네꾸";
				INFOPLIST_KEY_NSCameraUsageDescription = "카메라를 사용하고 싶어요";
				INFOPLIST_KEY_NSPhotoLibraryUsageDescription = "앨범에 접근하고싶어요";
				INFOPLIST_KEY_UIApplicationSceneManifest_Generation = YES;
				INFOPLIST_KEY_UIApplicationSupportsIndirectInputEvents = YES;
				INFOPLIST_KEY_UILaunchScreen_Generation = YES;
				INFOPLIST_KEY_UILaunchStoryboardName = LaunchScreen.storyboard;
				INFOPLIST_KEY_UISupportedInterfaceOrientations_iPad = "UIInterfaceOrientationPortrait UIInterfaceOrientationPortraitUpsideDown UIInterfaceOrientationLandscapeLeft UIInterfaceOrientationLandscapeRight";
				INFOPLIST_KEY_UISupportedInterfaceOrientations_iPhone = "UIInterfaceOrientationPortrait UIInterfaceOrientationLandscapeLeft UIInterfaceOrientationLandscapeRight";
				INFOPLIST_KEY_UIUserInterfaceStyle = Light;
				IPHONEOS_DEPLOYMENT_TARGET = 17.0;
				LD_RUNPATH_SEARCH_PATHS = (
					"$(inherited)",
					"@executable_path/Frameworks",
				);
				MARKETING_VERSION = 1.0.0;
				PRODUCT_BUNDLE_IDENTIFIER = com.neggu.app;
				PRODUCT_NAME = "$(TARGET_NAME)";
				PROVISIONING_PROFILE_SPECIFIER = "";
				SUPPORTED_PLATFORMS = "iphoneos iphonesimulator";
				SUPPORTS_MACCATALYST = NO;
				SUPPORTS_MAC_DESIGNED_FOR_IPHONE_IPAD = NO;
				SUPPORTS_XR_DESIGNED_FOR_IPHONE_IPAD = NO;
				SWIFT_EMIT_LOC_STRINGS = YES;
				SWIFT_VERSION = 5.0;
				TARGETED_DEVICE_FAMILY = "1,2";
			};
			name = Debug;
		};
		1386EAF32C5D3F9D0085655D /* Release */ = {
			isa = XCBuildConfiguration;
			buildSettings = {
				ASSETCATALOG_COMPILER_APPICON_NAME = AppIcon;
				ASSETCATALOG_COMPILER_GLOBAL_ACCENT_COLOR_NAME = AccentColor;
				CODE_SIGN_ENTITLEMENTS = neggu/Resources/neggu.entitlements;
				CODE_SIGN_IDENTITY = "Apple Development";
				CODE_SIGN_STYLE = Automatic;
				CURRENT_PROJECT_VERSION = 1;
				DEVELOPMENT_ASSET_PATHS = "";
				DEVELOPMENT_TEAM = Q2X68J34KX;
				ENABLE_PREVIEWS = YES;
				GENERATE_INFOPLIST_FILE = YES;
				INFOPLIST_FILE = neggu/Resources/Info.plist;
				INFOPLIST_KEY_CFBundleDisplayName = "네꾸";
				INFOPLIST_KEY_NSCameraUsageDescription = "카메라를 사용하고 싶어요";
				INFOPLIST_KEY_NSPhotoLibraryUsageDescription = "앨범에 접근하고싶어요";
				INFOPLIST_KEY_UIApplicationSceneManifest_Generation = YES;
				INFOPLIST_KEY_UIApplicationSupportsIndirectInputEvents = YES;
				INFOPLIST_KEY_UILaunchScreen_Generation = YES;
				INFOPLIST_KEY_UILaunchStoryboardName = LaunchScreen.storyboard;
				INFOPLIST_KEY_UISupportedInterfaceOrientations_iPad = "UIInterfaceOrientationPortrait UIInterfaceOrientationPortraitUpsideDown UIInterfaceOrientationLandscapeLeft UIInterfaceOrientationLandscapeRight";
				INFOPLIST_KEY_UISupportedInterfaceOrientations_iPhone = "UIInterfaceOrientationPortrait UIInterfaceOrientationLandscapeLeft UIInterfaceOrientationLandscapeRight";
				INFOPLIST_KEY_UIUserInterfaceStyle = Light;
				IPHONEOS_DEPLOYMENT_TARGET = 17.0;
				LD_RUNPATH_SEARCH_PATHS = (
					"$(inherited)",
					"@executable_path/Frameworks",
				);
				MARKETING_VERSION = 1.0.0;
				PRODUCT_BUNDLE_IDENTIFIER = com.neggu.app;
				PRODUCT_NAME = "$(TARGET_NAME)";
				PROVISIONING_PROFILE_SPECIFIER = "";
				SUPPORTED_PLATFORMS = "iphoneos iphonesimulator";
				SUPPORTS_MACCATALYST = NO;
				SUPPORTS_MAC_DESIGNED_FOR_IPHONE_IPAD = NO;
				SUPPORTS_XR_DESIGNED_FOR_IPHONE_IPAD = NO;
				SWIFT_EMIT_LOC_STRINGS = YES;
				SWIFT_VERSION = 5.0;
				TARGETED_DEVICE_FAMILY = "1,2";
			};
			name = Release;
		};
		1386EAF52C5D3F9D0085655D /* Debug */ = {
			isa = XCBuildConfiguration;
			buildSettings = {
				ALWAYS_EMBED_SWIFT_STANDARD_LIBRARIES = YES;
				BUNDLE_LOADER = "$(TEST_HOST)";
				CODE_SIGN_STYLE = Automatic;
				CURRENT_PROJECT_VERSION = 1;
				GENERATE_INFOPLIST_FILE = YES;
				IPHONEOS_DEPLOYMENT_TARGET = 17.4;
				MARKETING_VERSION = 1.0;
				PRODUCT_BUNDLE_IDENTIFIER = com.neggu.negguTests;
				PRODUCT_NAME = "$(TARGET_NAME)";
				SWIFT_EMIT_LOC_STRINGS = NO;
				SWIFT_VERSION = 5.0;
				TARGETED_DEVICE_FAMILY = "1,2";
				TEST_HOST = "$(BUILT_PRODUCTS_DIR)/neggu.app/$(BUNDLE_EXECUTABLE_FOLDER_PATH)/neggu";
			};
			name = Debug;
		};
		1386EAF62C5D3F9D0085655D /* Release */ = {
			isa = XCBuildConfiguration;
			buildSettings = {
				ALWAYS_EMBED_SWIFT_STANDARD_LIBRARIES = YES;
				BUNDLE_LOADER = "$(TEST_HOST)";
				CODE_SIGN_STYLE = Automatic;
				CURRENT_PROJECT_VERSION = 1;
				GENERATE_INFOPLIST_FILE = YES;
				IPHONEOS_DEPLOYMENT_TARGET = 17.4;
				MARKETING_VERSION = 1.0;
				PRODUCT_BUNDLE_IDENTIFIER = com.neggu.negguTests;
				PRODUCT_NAME = "$(TARGET_NAME)";
				SWIFT_EMIT_LOC_STRINGS = NO;
				SWIFT_VERSION = 5.0;
				TARGETED_DEVICE_FAMILY = "1,2";
				TEST_HOST = "$(BUILT_PRODUCTS_DIR)/neggu.app/$(BUNDLE_EXECUTABLE_FOLDER_PATH)/neggu";
			};
			name = Release;
		};
		1386EAF82C5D3F9D0085655D /* Debug */ = {
			isa = XCBuildConfiguration;
			buildSettings = {
				ALWAYS_EMBED_SWIFT_STANDARD_LIBRARIES = YES;
				CODE_SIGN_STYLE = Automatic;
				CURRENT_PROJECT_VERSION = 1;
				GENERATE_INFOPLIST_FILE = YES;
				MARKETING_VERSION = 1.0;
				PRODUCT_BUNDLE_IDENTIFIER = com.neggu.negguUITests;
				PRODUCT_NAME = "$(TARGET_NAME)";
				SWIFT_EMIT_LOC_STRINGS = NO;
				SWIFT_VERSION = 5.0;
				TARGETED_DEVICE_FAMILY = "1,2";
				TEST_TARGET_NAME = neggu;
			};
			name = Debug;
		};
		1386EAF92C5D3F9D0085655D /* Release */ = {
			isa = XCBuildConfiguration;
			buildSettings = {
				ALWAYS_EMBED_SWIFT_STANDARD_LIBRARIES = YES;
				CODE_SIGN_STYLE = Automatic;
				CURRENT_PROJECT_VERSION = 1;
				GENERATE_INFOPLIST_FILE = YES;
				MARKETING_VERSION = 1.0;
				PRODUCT_BUNDLE_IDENTIFIER = com.neggu.negguUITests;
				PRODUCT_NAME = "$(TARGET_NAME)";
				SWIFT_EMIT_LOC_STRINGS = NO;
				SWIFT_VERSION = 5.0;
				TARGETED_DEVICE_FAMILY = "1,2";
				TEST_TARGET_NAME = neggu;
			};
			name = Release;
		};
/* End XCBuildConfiguration section */

/* Begin XCConfigurationList section */
		1386EAC82C5D3F9C0085655D /* Build configuration list for PBXProject "neggu" */ = {
			isa = XCConfigurationList;
			buildConfigurations = (
				1386EAEF2C5D3F9D0085655D /* Debug */,
				1386EAF02C5D3F9D0085655D /* Release */,
			);
			defaultConfigurationIsVisible = 0;
			defaultConfigurationName = Release;
		};
		1386EAF12C5D3F9D0085655D /* Build configuration list for PBXNativeTarget "neggu" */ = {
			isa = XCConfigurationList;
			buildConfigurations = (
				1386EAF22C5D3F9D0085655D /* Debug */,
				1386EAF32C5D3F9D0085655D /* Release */,
			);
			defaultConfigurationIsVisible = 0;
			defaultConfigurationName = Release;
		};
		1386EAF42C5D3F9D0085655D /* Build configuration list for PBXNativeTarget "negguTests" */ = {
			isa = XCConfigurationList;
			buildConfigurations = (
				1386EAF52C5D3F9D0085655D /* Debug */,
				1386EAF62C5D3F9D0085655D /* Release */,
			);
			defaultConfigurationIsVisible = 0;
			defaultConfigurationName = Release;
		};
		1386EAF72C5D3F9D0085655D /* Build configuration list for PBXNativeTarget "negguUITests" */ = {
			isa = XCConfigurationList;
			buildConfigurations = (
				1386EAF82C5D3F9D0085655D /* Debug */,
				1386EAF92C5D3F9D0085655D /* Release */,
			);
			defaultConfigurationIsVisible = 0;
			defaultConfigurationName = Release;
		};
/* End XCConfigurationList section */

/* Begin XCRemoteSwiftPackageReference section */
		1308D2662C61F08E003F50F3 /* XCRemoteSwiftPackageReference "kakao-ios-sdk" */ = {
			isa = XCRemoteSwiftPackageReference;
			repositoryURL = "https://github.com/kakao/kakao-ios-sdk";
			requirement = {
				kind = upToNextMajorVersion;
				minimumVersion = 2.22.5;
			};
		};
		132247102C5E924F004557EF /* XCRemoteSwiftPackageReference "firebase-ios-sdk" */ = {
			isa = XCRemoteSwiftPackageReference;
			repositoryURL = "https://github.com/firebase/firebase-ios-sdk";
			requirement = {
				kind = upToNextMajorVersion;
				minimumVersion = 11.0.0;
			};
		};
		132247192C5E931A004557EF /* XCRemoteSwiftPackageReference "GoogleSignIn-iOS" */ = {
			isa = XCRemoteSwiftPackageReference;
			repositoryURL = "https://github.com/google/GoogleSignIn-iOS";
			requirement = {
				kind = upToNextMajorVersion;
				minimumVersion = 7.1.0;
			};
		};
		136470CF2C8A360600A0D545 /* XCRemoteSwiftPackageReference "SwiftSoup" */ = {
			isa = XCRemoteSwiftPackageReference;
			repositoryURL = "https://github.com/scinfu/SwiftSoup.git";
			requirement = {
				kind = upToNextMajorVersion;
				minimumVersion = 2.7.5;
			};
		};
		13659CD32C5F60C300BB6B91 /* XCRemoteSwiftPackageReference "Moya" */ = {
			isa = XCRemoteSwiftPackageReference;
			repositoryURL = "https://github.com/Moya/Moya";
			requirement = {
				kind = upToNextMajorVersion;
				minimumVersion = 15.0.0;
			};
		};
		1368D4902DA833A800DFE166 /* XCRemoteSwiftPackageReference "AppsFlyerFramework-Static" */ = {
			isa = XCRemoteSwiftPackageReference;
			repositoryURL = "https://github.com/AppsFlyerSDK/AppsFlyerFramework-Static";
			requirement = {
				kind = upToNextMajorVersion;
				minimumVersion = 6.16.2;
			};
		};
/* End XCRemoteSwiftPackageReference section */

/* Begin XCSwiftPackageProductDependency section */
		1308D2672C61F08E003F50F3 /* KakaoSDK */ = {
			isa = XCSwiftPackageProductDependency;
			package = 1308D2662C61F08E003F50F3 /* XCRemoteSwiftPackageReference "kakao-ios-sdk" */;
			productName = KakaoSDK;
		};
		1308D2692C61F08E003F50F3 /* KakaoSDKAuth */ = {
			isa = XCSwiftPackageProductDependency;
			package = 1308D2662C61F08E003F50F3 /* XCRemoteSwiftPackageReference "kakao-ios-sdk" */;
			productName = KakaoSDKAuth;
		};
		1308D26B2C61F08E003F50F3 /* KakaoSDKUser */ = {
			isa = XCSwiftPackageProductDependency;
			package = 1308D2662C61F08E003F50F3 /* XCRemoteSwiftPackageReference "kakao-ios-sdk" */;
			productName = KakaoSDKUser;
		};
		132247112C5E924F004557EF /* FirebaseAnalytics */ = {
			isa = XCSwiftPackageProductDependency;
			package = 132247102C5E924F004557EF /* XCRemoteSwiftPackageReference "firebase-ios-sdk" */;
			productName = FirebaseAnalytics;
		};
		132247132C5E924F004557EF /* FirebaseAuth */ = {
			isa = XCSwiftPackageProductDependency;
			package = 132247102C5E924F004557EF /* XCRemoteSwiftPackageReference "firebase-ios-sdk" */;
			productName = FirebaseAuth;
		};
		132247152C5E924F004557EF /* FirebaseCrashlytics */ = {
			isa = XCSwiftPackageProductDependency;
			package = 132247102C5E924F004557EF /* XCRemoteSwiftPackageReference "firebase-ios-sdk" */;
			productName = FirebaseCrashlytics;
		};
		132247172C5E924F004557EF /* FirebaseMessaging */ = {
			isa = XCSwiftPackageProductDependency;
			package = 132247102C5E924F004557EF /* XCRemoteSwiftPackageReference "firebase-ios-sdk" */;
			productName = FirebaseMessaging;
		};
		1322471A2C5E931A004557EF /* GoogleSignIn */ = {
			isa = XCSwiftPackageProductDependency;
			package = 132247192C5E931A004557EF /* XCRemoteSwiftPackageReference "GoogleSignIn-iOS" */;
			productName = GoogleSignIn;
		};
		136470D02C8A360600A0D545 /* SwiftSoup */ = {
			isa = XCSwiftPackageProductDependency;
			package = 136470CF2C8A360600A0D545 /* XCRemoteSwiftPackageReference "SwiftSoup" */;
			productName = SwiftSoup;
		};
		13659CD42C5F60C400BB6B91 /* CombineMoya */ = {
			isa = XCSwiftPackageProductDependency;
			package = 13659CD32C5F60C300BB6B91 /* XCRemoteSwiftPackageReference "Moya" */;
			productName = CombineMoya;
		};
		13659CD62C5F60C400BB6B91 /* Moya */ = {
			isa = XCSwiftPackageProductDependency;
			package = 13659CD32C5F60C300BB6B91 /* XCRemoteSwiftPackageReference "Moya" */;
			productName = Moya;
		};
		1368D4912DA833A800DFE166 /* AppsFlyerLib-Static */ = {
			isa = XCSwiftPackageProductDependency;
			package = 1368D4902DA833A800DFE166 /* XCRemoteSwiftPackageReference "AppsFlyerFramework-Static" */;
			productName = "AppsFlyerLib-Static";
		};
		13830E2A2C6FA4C200CA385F /* KakaoSDKCommon */ = {
			isa = XCSwiftPackageProductDependency;
			package = 1308D2662C61F08E003F50F3 /* XCRemoteSwiftPackageReference "kakao-ios-sdk" */;
			productName = KakaoSDKCommon;
		};
/* End XCSwiftPackageProductDependency section */
	};
	rootObject = 1386EAC52C5D3F9C0085655D /* Project object */;
}
